// !$*UTF8*$!
{
	archiveVersion = 1;
	classes = {
	};
	objectVersion = 56;
	objects = {

/* Begin PBXBuildFile section */
		AA000003 /* Assets.xcassets in Resources */ = {isa = PBXBuildFile; fileRef = AA000004 /* Assets.xcassets */; };
		AA000007 /* main.swift in Sources */ = {isa = PBXBuildFile; fileRef = AA000008 /* main.swift */; };
		BB000001 /* ImageManagerTests.swift in Sources */ = {isa = PBXBuildFile; fileRef = BB000002 /* ImageManagerTests.swift */; };
		CC000010 /* UpdateManager.swift in Sources */ = {isa = PBXBuildFile; fileRef = CC000011 /* UpdateManager.swift */; };
		CC000012 /* UpdateManagerTests.swift in Sources */ = {isa = PBXBuildFile; fileRef = CC000013 /* UpdateManagerTests.swift */; };
		DD000001 /* ImageManager.swift in Sources */ = {isa = PBXBuildFile; fileRef = DD000002 /* ImageManager.swift */; };
		DD000003 /* DraggableImageView.swift in Sources */ = {isa = PBXBuildFile; fileRef = DD000004 /* DraggableImageView.swift */; };
		DD000005 /* CharacterWindow.swift in Sources */ = {isa = PBXBuildFile; fileRef = DD000006 /* CharacterWindow.swift */; };
		DD000007 /* AppDelegate.swift in Sources */ = {isa = PBXBuildFile; fileRef = DD000008 /* AppDelegate.swift */; };
		DD000009 /* WindowStateManager.swift in Sources */ = {isa = PBXBuildFile; fileRef = DD000010 /* WindowStateManager.swift */; };
		DD000011 /* WindowStateManagerTests.swift in Sources */ = {isa = PBXBuildFile; fileRef = DD000012 /* WindowStateManagerTests.swift */; };
		DD000013 /* AppDelegate+StatusBarMenu.swift in Sources */ = {isa = PBXBuildFile; fileRef = DD000014 /* AppDelegate+StatusBarMenu.swift */; };
		DD000015 /* AdjustmentPanelController.swift in Sources */ = {isa = PBXBuildFile; fileRef = DD000016 /* AdjustmentPanelController.swift */; };
		EE000001 /* LaunchAtLoginManager.swift in Sources */ = {isa = PBXBuildFile; fileRef = EE000002 /* LaunchAtLoginManager.swift */; };
		EE000003 /* LaunchAtLoginManagerTests.swift in Sources */ = {isa = PBXBuildFile; fileRef = EE000004 /* LaunchAtLoginManagerTests.swift */; };
		FF000001 /* ScreenRestorationManager.swift in Sources */ = {isa = PBXBuildFile; fileRef = FF000002 /* ScreenRestorationManager.swift */; };
		FF000003 /* ScreenRestorationManagerTests.swift in Sources */ = {isa = PBXBuildFile; fileRef = FF000004 /* ScreenRestorationManagerTests.swift */; };
		FF000005 /* AppDelegate+ScreenRestoration.swift in Sources */ = {isa = PBXBuildFile; fileRef = FF000006 /* AppDelegate+ScreenRestoration.swift */; };
		GG000001 /* Constants.swift in Sources */ = {isa = PBXBuildFile; fileRef = GG000002 /* Constants.swift */; };
		KK000001 /* WakeRestorationContext.swift in Sources */ = {isa = PBXBuildFile; fileRef = KK000002 /* WakeRestorationContext.swift */; };
		HH000001 /* Localizable.xcstrings in Resources */ = {isa = PBXBuildFile; fileRef = HH000002 /* Localizable.xcstrings */; };
		II000001 /* LanguageManager.swift in Sources */ = {isa = PBXBuildFile; fileRef = II000002 /* LanguageManager.swift */; };
		II000003 /* LanguageManagerTests.swift in Sources */ = {isa = PBXBuildFile; fileRef = II000004 /* LanguageManagerTests.swift */; };
		JJ000001 /* InfoPlist.strings in Resources */ = {isa = PBXBuildFile; fileRef = JJ000004 /* InfoPlist.strings */; };
/* End PBXBuildFile section */

/* Begin PBXContainerItemProxy section */
		BB000006 /* PBXContainerItemProxy */ = {
			isa = PBXContainerItemProxy;
			containerPortal = AA000050 /* Project object */;
			proxyType = 1;
			remoteGlobalIDString = AA000030;
			remoteInfo = Sobani;
		};
/* End PBXContainerItemProxy section */

/* Begin PBXFileReference section */
		AA000004 /* Assets.xcassets */ = {isa = PBXFileReference; lastKnownFileType = folder.assetcatalog; path = Assets.xcassets; sourceTree = "<group>"; };
		AA000005 /* Sobani.app */ = {isa = PBXFileReference; explicitFileType = wrapper.application; includeInIndex = 0; path = Sobani.app; sourceTree = BUILT_PRODUCTS_DIR; };
		AA000006 /* Sobani.entitlements */ = {isa = PBXFileReference; lastKnownFileType = text.plist.entitlements; path = Sobani.entitlements; sourceTree = "<group>"; };
		AA000008 /* main.swift */ = {isa = PBXFileReference; lastKnownFileType = sourcecode.swift; path = main.swift; sourceTree = "<group>"; };
		BB000002 /* ImageManagerTests.swift */ = {isa = PBXFileReference; lastKnownFileType = sourcecode.swift; path = ImageManagerTests.swift; sourceTree = "<group>"; };
		BB000003 /* SobaniTests.xctest */ = {isa = PBXFileReference; explicitFileType = wrapper.cfbundle; includeInIndex = 0; path = SobaniTests.xctest; sourceTree = BUILT_PRODUCTS_DIR; };
		CC000011 /* UpdateManager.swift */ = {isa = PBXFileReference; lastKnownFileType = sourcecode.swift; path = UpdateManager.swift; sourceTree = "<group>"; };
		CC000013 /* UpdateManagerTests.swift */ = {isa = PBXFileReference; lastKnownFileType = sourcecode.swift; path = UpdateManagerTests.swift; sourceTree = "<group>"; };
		DD000002 /* ImageManager.swift */ = {isa = PBXFileReference; lastKnownFileType = sourcecode.swift; path = ImageManager.swift; sourceTree = "<group>"; };
		DD000004 /* DraggableImageView.swift */ = {isa = PBXFileReference; lastKnownFileType = sourcecode.swift; path = DraggableImageView.swift; sourceTree = "<group>"; };
		DD000006 /* CharacterWindow.swift */ = {isa = PBXFileReference; lastKnownFileType = sourcecode.swift; path = CharacterWindow.swift; sourceTree = "<group>"; };
		DD000008 /* AppDelegate.swift */ = {isa = PBXFileReference; lastKnownFileType = sourcecode.swift; path = AppDelegate.swift; sourceTree = "<group>"; };
		DD000010 /* WindowStateManager.swift */ = {isa = PBXFileReference; lastKnownFileType = sourcecode.swift; path = WindowStateManager.swift; sourceTree = "<group>"; };
		DD000012 /* WindowStateManagerTests.swift */ = {isa = PBXFileReference; lastKnownFileType = sourcecode.swift; path = WindowStateManagerTests.swift; sourceTree = "<group>"; };
		DD000014 /* AppDelegate+StatusBarMenu.swift */ = {isa = PBXFileReference; lastKnownFileType = sourcecode.swift; path = "AppDelegate+StatusBarMenu.swift"; sourceTree = "<group>"; };
		DD000016 /* AdjustmentPanelController.swift */ = {isa = PBXFileReference; lastKnownFileType = sourcecode.swift; path = AdjustmentPanelController.swift; sourceTree = "<group>"; };
		EE000002 /* LaunchAtLoginManager.swift */ = {isa = PBXFileReference; lastKnownFileType = sourcecode.swift; path = LaunchAtLoginManager.swift; sourceTree = "<group>"; };
		EE000004 /* LaunchAtLoginManagerTests.swift */ = {isa = PBXFileReference; lastKnownFileType = sourcecode.swift; path = LaunchAtLoginManagerTests.swift; sourceTree = "<group>"; };
		FF000002 /* ScreenRestorationManager.swift */ = {isa = PBXFileReference; lastKnownFileType = sourcecode.swift; path = ScreenRestorationManager.swift; sourceTree = "<group>"; };
		FF000004 /* ScreenRestorationManagerTests.swift */ = {isa = PBXFileReference; lastKnownFileType = sourcecode.swift; path = ScreenRestorationManagerTests.swift; sourceTree = "<group>"; };
		FF000006 /* AppDelegate+ScreenRestoration.swift */ = {isa = PBXFileReference; lastKnownFileType = sourcecode.swift; path = "AppDelegate+ScreenRestoration.swift"; sourceTree = "<group>"; };
		GG000002 /* Constants.swift */ = {isa = PBXFileReference; lastKnownFileType = sourcecode.swift; path = Constants.swift; sourceTree = "<group>"; };
		KK000002 /* WakeRestorationContext.swift */ = {isa = PBXFileReference; lastKnownFileType = sourcecode.swift; path = WakeRestorationContext.swift; sourceTree = "<group>"; };
		HH000002 /* Localizable.xcstrings */ = {isa = PBXFileReference; lastKnownFileType = text.json.xcstrings; path = Localizable.xcstrings; sourceTree = "<group>"; };
		II000002 /* LanguageManager.swift */ = {isa = PBXFileReference; lastKnownFileType = sourcecode.swift; path = LanguageManager.swift; sourceTree = "<group>"; };
		II000004 /* LanguageManagerTests.swift */ = {isa = PBXFileReference; lastKnownFileType = sourcecode.swift; path = LanguageManagerTests.swift; sourceTree = "<group>"; };
		JJ000002 /* en */ = {isa = PBXFileReference; lastKnownFileType = text.plist.strings; name = en; path = en.lproj/InfoPlist.strings; sourceTree = "<group>"; };
		JJ000003 /* ja */ = {isa = PBXFileReference; lastKnownFileType = text.plist.strings; name = ja; path = ja.lproj/InfoPlist.strings; sourceTree = "<group>"; };
/* End PBXFileReference section */

/* Begin PBXFrameworksBuildPhase section */
		AA000010 /* Frameworks */ = {
			isa = PBXFrameworksBuildPhase;
			buildActionMask = 2147483647;
			files = (
			);
			runOnlyForDeploymentPostprocessing = 0;
		};
		BB000009 /* Frameworks */ = {
			isa = PBXFrameworksBuildPhase;
			buildActionMask = 2147483647;
			files = (
			);
			runOnlyForDeploymentPostprocessing = 0;
		};
/* End PBXFrameworksBuildPhase section */

/* Begin PBXGroup section */
		AA000020 = {
			isa = PBXGroup;
			children = (
				AA000021 /* Sobani */,
				BB000004 /* SobaniTests */,
				AA000022 /* Products */,
			);
			sourceTree = "<group>";
		};
		AA000021 /* Sobani */ = {
			isa = PBXGroup;
			children = (
				AA000008 /* main.swift */,
				DD000008 /* AppDelegate.swift */,
				DD000014 /* AppDelegate+StatusBarMenu.swift */,
				DD000006 /* CharacterWindow.swift */,
				DD000004 /* DraggableImageView.swift */,
				DD000002 /* ImageManager.swift */,
				CC000011 /* UpdateManager.swift */,
				DD000016 /* AdjustmentPanelController.swift */,
				EE000002 /* LaunchAtLoginManager.swift */,
				FF000002 /* ScreenRestorationManager.swift */,
				FF000006 /* AppDelegate+ScreenRestoration.swift */,
				GG000002 /* Constants.swift */,
				KK000002 /* WakeRestorationContext.swift */,
				II000002 /* LanguageManager.swift */,
				DD000010 /* WindowStateManager.swift */,
				HH000002 /* Localizable.xcstrings */,
				AA000004 /* Assets.xcassets */,
				AA000006 /* Sobani.entitlements */,
				JJ000004 /* InfoPlist.strings */,
			);
			path = Sobani;
			sourceTree = "<group>";
		};
		AA000022 /* Products */ = {
			isa = PBXGroup;
			children = (
				AA000005 /* Sobani.app */,
				BB000003 /* SobaniTests.xctest */,
			);
			name = Products;
			sourceTree = "<group>";
		};
		BB000004 /* SobaniTests */ = {
			isa = PBXGroup;
			children = (
				BB000002 /* ImageManagerTests.swift */,
				CC000013 /* UpdateManagerTests.swift */,
				DD000012 /* WindowStateManagerTests.swift */,
				EE000004 /* LaunchAtLoginManagerTests.swift */,
				FF000004 /* ScreenRestorationManagerTests.swift */,
				II000004 /* LanguageManagerTests.swift */,
			);
			path = SobaniTests;
			sourceTree = "<group>";
		};
/* End PBXGroup section */

/* Begin PBXNativeTarget section */
		AA000030 /* Sobani */ = {
			isa = PBXNativeTarget;
			buildConfigurationList = AA000040 /* Build configuration list for PBXNativeTarget "Sobani" */;
			buildPhases = (
				CC000001 /* SwiftLint */,
				AA000031 /* Sources */,
				AA000010 /* Frameworks */,
				AA000032 /* Resources */,
			);
			buildRules = (
			);
			dependencies = (
			);
			name = Sobani;
			productName = Sobani;
			productReference = AA000005 /* Sobani.app */;
			productType = "com.apple.product-type.application";
		};
		BB000005 /* SobaniTests */ = {
			isa = PBXNativeTarget;
			buildConfigurationList = BB000012 /* Build configuration list for PBXNativeTarget "SobaniTests" */;
			buildPhases = (
				BB000008 /* Sources */,
				BB000009 /* Frameworks */,
			);
			buildRules = (
			);
			dependencies = (
				BB000007 /* PBXTargetDependency */,
			);
			name = SobaniTests;
			productName = SobaniTests;
			productReference = BB000003 /* SobaniTests.xctest */;
			productType = "com.apple.product-type.bundle.unit-test";
		};
/* End PBXNativeTarget section */

/* Begin PBXProject section */
		AA000050 /* Project object */ = {
			isa = PBXProject;
			attributes = {
				BuildIndependentTargetsInParallel = 1;
				LastSwiftUpdateCheck = 1500;
				LastUpgradeCheck = 1500;
				TargetAttributes = {
					AA000030 = {
						CreatedOnToolsVersion = 15.0;
					};
					BB000005 = {
						CreatedOnToolsVersion = 15.0;
						TestTargetID = AA000030;
					};
				};
			};
			buildConfigurationList = AA000051 /* Build configuration list for PBXProject "Sobani" */;
			compatibilityVersion = "Xcode 14.0";
			developmentRegion = en;
			hasScannedForEncodings = 0;
			knownRegions = (
				en,
				Base,
				ja,
			);
			mainGroup = AA000020;
			productRefGroup = AA000022 /* Products */;
			projectDirPath = "";
			projectRoot = "";
			targets = (
				AA000030 /* Sobani */,
				BB000005 /* SobaniTests */,
			);
		};
/* End PBXProject section */

/* Begin PBXResourcesBuildPhase section */
		AA000032 /* Resources */ = {
			isa = PBXResourcesBuildPhase;
			buildActionMask = 2147483647;
			files = (
				AA000003 /* Assets.xcassets in Resources */,
				HH000001 /* Localizable.xcstrings in Resources */,
				JJ000001 /* InfoPlist.strings in Resources */,
			);
			runOnlyForDeploymentPostprocessing = 0;
		};
/* End PBXResourcesBuildPhase section */

/* Begin PBXShellScriptBuildPhase section */
		CC000001 /* SwiftLint */ = {
			isa = PBXShellScriptBuildPhase;
			alwaysOutOfDate = 1;
			buildActionMask = 2147483647;
			files = (
			);
			inputFileListPaths = (
			);
			inputPaths = (
			);
			name = SwiftLint;
			outputFileListPaths = (
			);
			outputPaths = (
			);
			runOnlyForDeploymentPostprocessing = 0;
			shellPath = /bin/sh;
			shellScript = "if command -v swiftlint >/dev/null 2>&1; then\n  swiftlint\nelse\n  echo \"SwiftLint is not installed. Run 'brew install swiftlint' to enable linting.\"\nfi\n";
		};
/* End PBXShellScriptBuildPhase section */

/* Begin PBXSourcesBuildPhase section */
		AA000031 /* Sources */ = {
			isa = PBXSourcesBuildPhase;
			buildActionMask = 2147483647;
			files = (
				DD000007 /* AppDelegate.swift in Sources */,
				DD000005 /* CharacterWindow.swift in Sources */,
				DD000003 /* DraggableImageView.swift in Sources */,
				DD000001 /* ImageManager.swift in Sources */,
				CC000010 /* UpdateManager.swift in Sources */,
				DD000009 /* WindowStateManager.swift in Sources */,
				DD000015 /* AdjustmentPanelController.swift in Sources */,
				DD000013 /* AppDelegate+StatusBarMenu.swift in Sources */,
				EE000001 /* LaunchAtLoginManager.swift in Sources */,
				FF000001 /* ScreenRestorationManager.swift in Sources */,
				FF000005 /* AppDelegate+ScreenRestoration.swift in Sources */,
				GG000001 /* Constants.swift in Sources */,
				KK000001 /* WakeRestorationContext.swift in Sources */,
				II000001 /* LanguageManager.swift in Sources */,
				AA000007 /* main.swift in Sources */,
			);
			runOnlyForDeploymentPostprocessing = 0;
		};
		BB000008 /* Sources */ = {
			isa = PBXSourcesBuildPhase;
			buildActionMask = 2147483647;
			files = (
				BB000001 /* ImageManagerTests.swift in Sources */,
				CC000012 /* UpdateManagerTests.swift in Sources */,
				DD000011 /* WindowStateManagerTests.swift in Sources */,
				EE000003 /* LaunchAtLoginManagerTests.swift in Sources */,
				FF000003 /* ScreenRestorationManagerTests.swift in Sources */,
				II000003 /* LanguageManagerTests.swift in Sources */,
			);
			runOnlyForDeploymentPostprocessing = 0;
		};
/* End PBXSourcesBuildPhase section */

/* Begin PBXTargetDependency section */
		BB000007 /* PBXTargetDependency */ = {
			isa = PBXTargetDependency;
			target = AA000030 /* Sobani */;
			targetProxy = BB000006 /* PBXContainerItemProxy */;
		};
/* End PBXTargetDependency section */

/* Begin PBXVariantGroup section */
		JJ000004 /* InfoPlist.strings */ = {
			isa = PBXVariantGroup;
			children = (
				JJ000002 /* en */,
				JJ000003 /* ja */,
			);
			name = InfoPlist.strings;
			sourceTree = "<group>";
		};
/* End PBXVariantGroup section */

/* Begin XCBuildConfiguration section */
		AA000060 /* Debug */ = {
			isa = XCBuildConfiguration;
			buildSettings = {
				ALWAYS_SEARCH_USER_PATHS = NO;
				ASSETCATALOG_COMPILER_GENERATE_SWIFT_ASSET_SYMBOL_EXTENSIONS = YES;
				CLANG_ANALYZER_NONNULL = YES;
				CLANG_CXX_LANGUAGE_STANDARD = "gnu++20";
				CLANG_ENABLE_MODULES = YES;
				CLANG_ENABLE_OBJC_ARC = YES;
				COPY_PHASE_STRIP = NO;
				DEBUG_INFORMATION_FORMAT = dwarf;
				ENABLE_STRICT_OBJC_MSGSEND = YES;
				ENABLE_TESTABILITY = YES;
				GCC_DYNAMIC_NO_PIC = NO;
				GCC_OPTIMIZATION_LEVEL = 0;
				GCC_PREPROCESSOR_DEFINITIONS = (
					"DEBUG=1",
					"$(inherited)",
				);
				GCC_WARN_ABOUT_RETURN_TYPE = YES_ERROR;
				GCC_WARN_UNINITIALIZED_AUTOS = YES_AGGRESSIVE;
				MACOSX_DEPLOYMENT_TARGET = 13.0;
				MTL_ENABLE_DEBUG_INFO = INCLUDE_SOURCE;
				ONLY_ACTIVE_ARCH = YES;
				SDKROOT = macosx;
				SWIFT_ACTIVE_COMPILATION_CONDITIONS = "DEBUG $(inherited)";
				SWIFT_OPTIMIZATION_LEVEL = "-Onone";
			};
			name = Debug;
		};
		AA000061 /* Release */ = {
			isa = XCBuildConfiguration;
			buildSettings = {
				ALWAYS_SEARCH_USER_PATHS = NO;
				ASSETCATALOG_COMPILER_GENERATE_SWIFT_ASSET_SYMBOL_EXTENSIONS = YES;
				CLANG_ANALYZER_NONNULL = YES;
				CLANG_CXX_LANGUAGE_STANDARD = "gnu++20";
				CLANG_ENABLE_MODULES = YES;
				CLANG_ENABLE_OBJC_ARC = YES;
				COPY_PHASE_STRIP = NO;
				DEBUG_INFORMATION_FORMAT = "dwarf-with-dsym";
				ENABLE_NS_ASSERTIONS = NO;
				ENABLE_STRICT_OBJC_MSGSEND = YES;
				GCC_WARN_ABOUT_RETURN_TYPE = YES_ERROR;
				GCC_WARN_UNINITIALIZED_AUTOS = YES_AGGRESSIVE;
				MACOSX_DEPLOYMENT_TARGET = 13.0;
				MTL_ENABLE_DEBUG_INFO = NO;
				SDKROOT = macosx;
				SWIFT_COMPILATION_MODE = wholemodule;
			};
			name = Release;
		};
		AA000062 /* Debug */ = {
			isa = XCBuildConfiguration;
			buildSettings = {
				ASSETCATALOG_COMPILER_APPICON_NAME = AppIcon;
				CODE_SIGN_ENTITLEMENTS = Sobani/Sobani.entitlements;
				"CODE_SIGN_IDENTITY[sdk=macosx*]" = "Developer ID Application";
				CODE_SIGN_STYLE = Automatic;
				DEVELOPMENT_TEAM = U4Y9MKZ4GZ;
				COMBINE_HIDPI_IMAGES = YES;
				CURRENT_PROJECT_VERSION = 0;
				GENERATE_INFOPLIST_FILE = YES;
				INFOPLIST_KEY_LSApplicationCategoryType = "public.app-category.entertainment";
				INFOPLIST_KEY_LSUIElement = YES;
				INFOPLIST_KEY_NSHumanReadableCopyright = "Copyright © 2026 shiroemons";
				INFOPLIST_KEY_NSPrincipalClass = NSApplication;
				MARKETING_VERSION = 202602.26;
				PRODUCT_BUNDLE_IDENTIFIER = com.shiroemons.Sobani;
				PRODUCT_NAME = "$(TARGET_NAME)";
				SWIFT_EMIT_LOC_STRINGS = YES;
				SWIFT_VERSION = 5.0;
			};
			name = Debug;
		};
		AA000063 /* Release */ = {
			isa = XCBuildConfiguration;
			buildSettings = {
				ASSETCATALOG_COMPILER_APPICON_NAME = AppIcon;
				CODE_SIGN_ENTITLEMENTS = Sobani/Sobani.entitlements;
				"CODE_SIGN_IDENTITY[sdk=macosx*]" = "Developer ID Application";
				CODE_SIGN_STYLE = Automatic;
				DEVELOPMENT_TEAM = U4Y9MKZ4GZ;
				COMBINE_HIDPI_IMAGES = YES;
				CURRENT_PROJECT_VERSION = 0;
				GENERATE_INFOPLIST_FILE = YES;
				INFOPLIST_KEY_LSApplicationCategoryType = "public.app-category.entertainment";
				INFOPLIST_KEY_LSUIElement = YES;
				INFOPLIST_KEY_NSHumanReadableCopyright = "Copyright © 2026 shiroemons";
				INFOPLIST_KEY_NSPrincipalClass = NSApplication;
				MARKETING_VERSION = 202602.26;
				PRODUCT_BUNDLE_IDENTIFIER = com.shiroemons.Sobani;
				PRODUCT_NAME = "$(TARGET_NAME)";
				SWIFT_EMIT_LOC_STRINGS = YES;
				SWIFT_VERSION = 5.0;
			};
			name = Release;
		};
		BB000010 /* Debug */ = {
			isa = XCBuildConfiguration;
			buildSettings = {
				BUNDLE_LOADER = "$(TEST_HOST)";
				"CODE_SIGN_IDENTITY[sdk=macosx*]" = "-";
				CODE_SIGN_STYLE = Automatic;
				CURRENT_PROJECT_VERSION = 0;
				GENERATE_INFOPLIST_FILE = YES;
				MARKETING_VERSION = 202602.26;
				PRODUCT_BUNDLE_IDENTIFIER = com.shiroemons.SobaniTests;
				PRODUCT_NAME = "$(TARGET_NAME)";
				SWIFT_EMIT_LOC_STRINGS = NO;
				SWIFT_VERSION = 5.0;
				TEST_HOST = "$(BUILT_PRODUCTS_DIR)/Sobani.app/Contents/MacOS/Sobani";
			};
			name = Debug;
		};
		BB000011 /* Release */ = {
			isa = XCBuildConfiguration;
			buildSettings = {
				BUNDLE_LOADER = "$(TEST_HOST)";
				"CODE_SIGN_IDENTITY[sdk=macosx*]" = "-";
				CODE_SIGN_STYLE = Automatic;
				CURRENT_PROJECT_VERSION = 0;
				GENERATE_INFOPLIST_FILE = YES;
				MARKETING_VERSION = 202602.26;
				PRODUCT_BUNDLE_IDENTIFIER = com.shiroemons.SobaniTests;
				PRODUCT_NAME = "$(TARGET_NAME)";
				SWIFT_EMIT_LOC_STRINGS = NO;
				SWIFT_VERSION = 5.0;
				TEST_HOST = "$(BUILT_PRODUCTS_DIR)/Sobani.app/Contents/MacOS/Sobani";
			};
			name = Release;
		};
/* End XCBuildConfiguration section */

/* Begin XCConfigurationList section */
		AA000040 /* Build configuration list for PBXNativeTarget "Sobani" */ = {
			isa = XCConfigurationList;
			buildConfigurations = (
				AA000062 /* Debug */,
				AA000063 /* Release */,
			);
			defaultConfigurationIsVisible = 0;
			defaultConfigurationName = Release;
		};
		AA000051 /* Build configuration list for PBXProject "Sobani" */ = {
			isa = XCConfigurationList;
			buildConfigurations = (
				AA000060 /* Debug */,
				AA000061 /* Release */,
			);
			defaultConfigurationIsVisible = 0;
			defaultConfigurationName = Release;
		};
		BB000012 /* Build configuration list for PBXNativeTarget "SobaniTests" */ = {
			isa = XCConfigurationList;
			buildConfigurations = (
				BB000010 /* Debug */,
				BB000011 /* Release */,
			);
			defaultConfigurationIsVisible = 0;
			defaultConfigurationName = Release;
		};
/* End XCConfigurationList section */
	};
	rootObject = AA000050 /* Project object */;
}
