// !$*UTF8*$!
{
	archiveVersion = 1;
	classes = {
	};
	objectVersion = 56;
	objects = {

/* Begin PBXBuildFile section */
		8E8DFC8A2F6955120039794F /* Sparkle in Frameworks */ = {isa = PBXBuildFile; productRef = 8E8DFC892F6955120039794F /* Sparkle */; };
		A1B2C3D401000002 /* ManagementPanelController.swift in Sources */ = {isa = PBXBuildFile; fileRef = A1B2C3D401000001 /* ManagementPanelController.swift */; };
		A1B2C3D401000004 /* ManagementPanelViewModel.swift in Sources */ = {isa = PBXBuildFile; fileRef = A1B2C3D401000003 /* ManagementPanelViewModel.swift */; };
		A1B2C3D401000006 /* ManagementPanelView.swift in Sources */ = {isa = PBXBuildFile; fileRef = A1B2C3D401000005 /* ManagementPanelView.swift */; };
		A1B2C3D401000009 /* WindowManagementView.swift in Sources */ = {isa = PBXBuildFile; fileRef = A1B2C3D401000008 /* WindowManagementView.swift */; };
		A1B2C3D40100000B /* WindowListView.swift in Sources */ = {isa = PBXBuildFile; fileRef = A1B2C3D40100000A /* WindowListView.swift */; };
		A1B2C3D40100000D /* WindowDetailView.swift in Sources */ = {isa = PBXBuildFile; fileRef = A1B2C3D40100000C /* WindowDetailView.swift */; };
		A1B2C3D40100000F /* WindowPositionEditorView.swift in Sources */ = {isa = PBXBuildFile; fileRef = A1B2C3D40100000E /* WindowPositionEditorView.swift */; };
		A1B2C3D401000011 /* LayoutPresetsView.swift in Sources */ = {isa = PBXBuildFile; fileRef = A1B2C3D401000010 /* LayoutPresetsView.swift */; };
		A1B2C3D401000013 /* PresetDetailView.swift in Sources */ = {isa = PBXBuildFile; fileRef = A1B2C3D401000012 /* PresetDetailView.swift */; };
		A1B2C3D401000015 /* PresetMinimapView.swift in Sources */ = {isa = PBXBuildFile; fileRef = A1B2C3D401000014 /* PresetMinimapView.swift */; };
		A1B2C3D401000017 /* SettingsView.swift in Sources */ = {isa = PBXBuildFile; fileRef = A1B2C3D401000016 /* SettingsView.swift */; };
		A1B2C3D401000019 /* CropOverlayPreviewView.swift in Sources */ = {isa = PBXBuildFile; fileRef = A1B2C3D401000018 /* CropOverlayPreviewView.swift */; };
		A1B2C3D40100001B /* MinimapLayout.swift in Sources */ = {isa = PBXBuildFile; fileRef = A1B2C3D40100001A /* MinimapLayout.swift */; };
		A1B2C3D40100001D /* CroppedImageHelper.swift in Sources */ = {isa = PBXBuildFile; fileRef = A1B2C3D40100001C /* CroppedImageHelper.swift */; };
		A1B2C3D40100001F /* MinimapLayoutTests.swift in Sources */ = {isa = PBXBuildFile; fileRef = A1B2C3D40100001E /* MinimapLayoutTests.swift */; };
		A1B2C3D401000021 /* CroppedImageHelperTests.swift in Sources */ = {isa = PBXBuildFile; fileRef = A1B2C3D401000020 /* CroppedImageHelperTests.swift */; };
		A1B2C3D401000023 /* ManagementPanelViewModel+WindowActions.swift in Sources */ = {isa = PBXBuildFile; fileRef = A1B2C3D401000022 /* ManagementPanelViewModel+WindowActions.swift */; };
		A1B2C3D401000025 /* RegisteredImagesView.swift in Sources */ = {isa = PBXBuildFile; fileRef = A1B2C3D401000024 /* RegisteredImagesView.swift */; };
		A1B2C3D401000027 /* KeyCodeMapper.swift in Sources */ = {isa = PBXBuildFile; fileRef = A1B2C3D401000026 /* KeyCodeMapper.swift */; };
		A1B2C3D401000029 /* HotkeyRecorderView.swift in Sources */ = {isa = PBXBuildFile; fileRef = A1B2C3D401000028 /* HotkeyRecorderView.swift */; };
		A1B2C3D401000031 /* KeyCodeMapperTests.swift in Sources */ = {isa = PBXBuildFile; fileRef = A1B2C3D401000030 /* KeyCodeMapperTests.swift */; };
		A1B2C3D401000033 /* HotkeySettingsTests.swift in Sources */ = {isa = PBXBuildFile; fileRef = A1B2C3D401000032 /* HotkeySettingsTests.swift */; };
		A1B2C3D401000035 /* ManagementPanelViewModel+WindowInfo.swift in Sources */ = {isa = PBXBuildFile; fileRef = A1B2C3D401000034 /* ManagementPanelViewModel+WindowInfo.swift */; };
		A1B2C3D401000037 /* SharedViews.swift in Sources */ = {isa = PBXBuildFile; fileRef = A1B2C3D401000036 /* SharedViews.swift */; };
		AA000003 /* Assets.xcassets in Resources */ = {isa = PBXBuildFile; fileRef = AA000004 /* Assets.xcassets */; };
		AA000007 /* main.swift in Sources */ = {isa = PBXBuildFile; fileRef = AA000008 /* main.swift */; };
		BB000001 /* ImageManagerTests.swift in Sources */ = {isa = PBXBuildFile; fileRef = BB000002 /* ImageManagerTests.swift */; };
		C0F10002AAAA000000000001 /* FloatingMenuController.swift in Sources */ = {isa = PBXBuildFile; fileRef = C0F10001AAAA000000000001 /* FloatingMenuController.swift */; };
		C0F10002AAAA000000000004 /* FloatingMenuControllerTests.swift in Sources */ = {isa = PBXBuildFile; fileRef = C0F10001AAAA000000000004 /* FloatingMenuControllerTests.swift */; };
		C0F10002AAAA000000000005 /* CropRectTests.swift in Sources */ = {isa = PBXBuildFile; fileRef = C0F10001AAAA000000000005 /* CropRectTests.swift */; };
		C0F10002AAAA000000000006 /* CropRect.swift in Sources */ = {isa = PBXBuildFile; fileRef = C0F10001AAAA000000000006 /* CropRect.swift */; };
		C0F10002AAAA000000000007 /* CropRectExtendedTests.swift in Sources */ = {isa = PBXBuildFile; fileRef = C0F10001AAAA000000000007 /* CropRectExtendedTests.swift */; };
		ST000002 /* SparkleManagerTests.swift in Sources */ = {isa = PBXBuildFile; fileRef = ST000001 /* SparkleManagerTests.swift */; };
		DD000001 /* ImageManager.swift in Sources */ = {isa = PBXBuildFile; fileRef = DD000002 /* ImageManager.swift */; };
		DD000003 /* DraggableImageView.swift in Sources */ = {isa = PBXBuildFile; fileRef = DD000004 /* DraggableImageView.swift */; };
		DD000005 /* CharacterWindow.swift in Sources */ = {isa = PBXBuildFile; fileRef = DD000006 /* CharacterWindow.swift */; };
		DD000007 /* AppDelegate.swift in Sources */ = {isa = PBXBuildFile; fileRef = DD000008 /* AppDelegate.swift */; };
		DD000009 /* WindowStateManager.swift in Sources */ = {isa = PBXBuildFile; fileRef = DD000010 /* WindowStateManager.swift */; };
		DD000011 /* WindowStateManagerTests.swift in Sources */ = {isa = PBXBuildFile; fileRef = DD000012 /* WindowStateManagerTests.swift */; };
		DD000013 /* AppDelegate+StatusBarMenu.swift in Sources */ = {isa = PBXBuildFile; fileRef = DD000014 /* AppDelegate+StatusBarMenu.swift */; };
		DD000015 /* AdjustmentPanelController.swift in Sources */ = {isa = PBXBuildFile; fileRef = DD000016 /* AdjustmentPanelController.swift */; };
		E1F2A3B4C5D6E7F8A9B0C1D2 /* WakeRestorationContextTests.swift in Sources */ = {isa = PBXBuildFile; fileRef = D2C1B0A9F8E7D6C5B4A3F2E1 /* WakeRestorationContextTests.swift */; };
		E8A1B2C3D4E5F6A8 /* AdjustmentPanelControllerTests.swift in Sources */ = {isa = PBXBuildFile; fileRef = E8A1B2C3D4E5F6A7 /* AdjustmentPanelControllerTests.swift */; };
		EE000001 /* LaunchAtLoginManager.swift in Sources */ = {isa = PBXBuildFile; fileRef = EE000002 /* LaunchAtLoginManager.swift */; };
		EE000003 /* LaunchAtLoginManagerTests.swift in Sources */ = {isa = PBXBuildFile; fileRef = EE000004 /* LaunchAtLoginManagerTests.swift */; };
		F0AD000002000000000001 /* AppDelegateTests.swift in Sources */ = {isa = PBXBuildFile; fileRef = F0AD000001000000000001 /* AppDelegateTests.swift */; };
		F0AF000002000000000001 /* AlertFactory.swift in Sources */ = {isa = PBXBuildFile; fileRef = F0AF000001000000000001 /* AlertFactory.swift */; };
		F0ALP00002000000000001 /* AppDelegate+LayoutPreset.swift in Sources */ = {isa = PBXBuildFile; fileRef = F0ALP00001000000000001 /* AppDelegate+LayoutPreset.swift */; };
		F0AR000002000000000001 /* AspectRatioPreset.swift in Sources */ = {isa = PBXBuildFile; fileRef = F0AR000001000000000001 /* AspectRatioPreset.swift */; };
		F0AR000004000000000001 /* AspectRatioPresetTests.swift in Sources */ = {isa = PBXBuildFile; fileRef = F0AR000003000000000001 /* AspectRatioPresetTests.swift */; };
		F0ARS00002000000000001 /* AspectRatioSelectorView.swift in Sources */ = {isa = PBXBuildFile; fileRef = F0ARS00001000000000001 /* AspectRatioSelectorView.swift */; };
		F0AS000002000000000001 /* AppDelegateServicesTests.swift in Sources */ = {isa = PBXBuildFile; fileRef = F0AS000001000000000001 /* AppDelegateServicesTests.swift */; };
		F0AT000002000000000001 /* AppDelegate+TestableLogic.swift in Sources */ = {isa = PBXBuildFile; fileRef = F0AT000001000000000001 /* AppDelegate+TestableLogic.swift */; };
		F0BG000002000000000001 /* BackgroundRemovalManager.swift in Sources */ = {isa = PBXBuildFile; fileRef = F0BG000001000000000001 /* BackgroundRemovalManager.swift */; };
		F0BG000004000000000001 /* BackgroundRemovalManagerTests.swift in Sources */ = {isa = PBXBuildFile; fileRef = F0BG000003000000000001 /* BackgroundRemovalManagerTests.swift */; };
		F0CE000002000000000001 /* CropEditorPanelController.swift in Sources */ = {isa = PBXBuildFile; fileRef = F0CE000001000000000001 /* CropEditorPanelController.swift */; };
		F0CG000002000000000001 /* CropGeometry.swift in Sources */ = {isa = PBXBuildFile; fileRef = F0CG000001000000000001 /* CropGeometry.swift */; };
		F0CI000002000000000001 /* CropImageProcessor.swift in Sources */ = {isa = PBXBuildFile; fileRef = F0CI000001000000000001 /* CropImageProcessor.swift */; };
		F0CI000004000000000001 /* CropImageProcessorTests.swift in Sources */ = {isa = PBXBuildFile; fileRef = F0CI000003000000000001 /* CropImageProcessorTests.swift */; };
		F0COS00002000000000001 /* CharacterWindow+OtherSubmenu.swift in Sources */ = {isa = PBXBuildFile; fileRef = F0COS00001000000000001 /* CharacterWindow+OtherSubmenu.swift */; };
		F0CP000002000000000001 /* CharacterWindow+Positioning.swift in Sources */ = {isa = PBXBuildFile; fileRef = F0CP000001000000000001 /* CharacterWindow+Positioning.swift */; };
		F0CSS00002000000000001 /* CropShapeSelectorView.swift in Sources */ = {isa = PBXBuildFile; fileRef = F0CSS00001000000000001 /* CropShapeSelectorView.swift */; };
		F0CT000002000000000001 /* ConstantsTests.swift in Sources */ = {isa = PBXBuildFile; fileRef = F0CT000001000000000001 /* ConstantsTests.swift */; };
		F0CV000002000000000001 /* CropEditorCanvasView.swift in Sources */ = {isa = PBXBuildFile; fileRef = F0CV000001000000000001 /* CropEditorCanvasView.swift */; };
		F0CW000002000000000001 /* CharacterWindowTests.swift in Sources */ = {isa = PBXBuildFile; fileRef = F0CW000001000000000001 /* CharacterWindowTests.swift */; };
		F0DD000002000000000001 /* DragDropUtils.swift in Sources */ = {isa = PBXBuildFile; fileRef = F0DD000001000000000001 /* DragDropUtils.swift */; };
		F0DD000004000000000001 /* DragDropUtilsTests.swift in Sources */ = {isa = PBXBuildFile; fileRef = F0DD000003000000000001 /* DragDropUtilsTests.swift */; };
		F0DI000002000000000001 /* DraggableImageViewTests.swift in Sources */ = {isa = PBXBuildFile; fileRef = F0DI000001000000000001 /* DraggableImageViewTests.swift */; };
		F0EH000002000000000001 /* CropEditHistory.swift in Sources */ = {isa = PBXBuildFile; fileRef = F0EH000001000000000001 /* CropEditHistory.swift */; };
		F0EH000004000000000001 /* CropEditHistoryTests.swift in Sources */ = {isa = PBXBuildFile; fileRef = F0EH000003000000000001 /* CropEditHistoryTests.swift */; };
		F0GM000002000000000001 /* WindowStateGhostModeTests.swift in Sources */ = {isa = PBXBuildFile; fileRef = F0GM000001000000000001 /* WindowStateGhostModeTests.swift */; };
		F0HK000002000000000001 /* AppDelegate+Hotkey.swift in Sources */ = {isa = PBXBuildFile; fileRef = F0HK000001000000000001 /* AppDelegate+Hotkey.swift */; };
		F0HW000002000000000001 /* CharacterWindow+TestableStaticMethods.swift in Sources */ = {isa = PBXBuildFile; fileRef = F0HW000001000000000001 /* CharacterWindow+TestableStaticMethods.swift */; };
		F0IP000002000000000001 /* ImagePreviewPanel.swift in Sources */ = {isa = PBXBuildFile; fileRef = F0IP000001000000000001 /* ImagePreviewPanel.swift */; };
		F0JP000002000000000001 /* JSONPersistence.swift in Sources */ = {isa = PBXBuildFile; fileRef = F0JP000001000000000001 /* JSONPersistence.swift */; };
		F0JP000004000000000001 /* JSONPersistenceTests.swift in Sources */ = {isa = PBXBuildFile; fileRef = F0JP000003000000000001 /* JSONPersistenceTests.swift */; };
		F0LE000002000000000001 /* LayoutPresetManagerExtendedTests.swift in Sources */ = {isa = PBXBuildFile; fileRef = F0LE000001000000000001 /* LayoutPresetManagerExtendedTests.swift */; };
		F0LP000002000000000001 /* LayoutPresetManager.swift in Sources */ = {isa = PBXBuildFile; fileRef = F0LP000001000000000001 /* LayoutPresetManager.swift */; };
		F0LP000004000000000001 /* LayoutPresetManagerTests.swift in Sources */ = {isa = PBXBuildFile; fileRef = F0LP000003000000000001 /* LayoutPresetManagerTests.swift */; };
		F0LR000002000000000001 /* LayoutPresetRenameTests.swift in Sources */ = {isa = PBXBuildFile; fileRef = F0LR000001000000000001 /* LayoutPresetRenameTests.swift */; };
		F0MS000002000000000001 /* MenuStateUtils.swift in Sources */ = {isa = PBXBuildFile; fileRef = F0MS000001000000000001 /* MenuStateUtils.swift */; };
		F0MS000004000000000001 /* MenuStateUtilsTests.swift in Sources */ = {isa = PBXBuildFile; fileRef = F0MS000003000000000001 /* MenuStateUtilsTests.swift */; };
		F0NM000002000000000001 /* NSMenu+RegisteredImages.swift in Sources */ = {isa = PBXBuildFile; fileRef = F0NM000001000000000001 /* NSMenu+RegisteredImages.swift */; };
		F0NP000002000000000001 /* NSPanel+FloatingConfig.swift in Sources */ = {isa = PBXBuildFile; fileRef = F0NP000001000000000001 /* NSPanel+FloatingConfig.swift */; };
		F0OB000002000000000001 /* OnboardingManager.swift in Sources */ = {isa = PBXBuildFile; fileRef = F0OB000001000000000001 /* OnboardingManager.swift */; };
		F0OB000004000000000001 /* OnboardingWindowController.swift in Sources */ = {isa = PBXBuildFile; fileRef = F0OB000003000000000001 /* OnboardingWindowController.swift */; };
		F0OB000006000000000001 /* OnboardingManagerTests.swift in Sources */ = {isa = PBXBuildFile; fileRef = F0OB000005000000000001 /* OnboardingManagerTests.swift */; };
		F0OW000002000000000001 /* OnboardingWindowControllerTests.swift in Sources */ = {isa = PBXBuildFile; fileRef = F0OW000001000000000001 /* OnboardingWindowControllerTests.swift */; };
		F0PS000004000000000001 /* PathSanitizerTests.swift in Sources */ = {isa = PBXBuildFile; fileRef = F0PS000003000000000001 /* PathSanitizerTests.swift */; };
		F0PT000002000000000001 /* ImagePreviewPanelTests.swift in Sources */ = {isa = PBXBuildFile; fileRef = F0PT000001000000000001 /* ImagePreviewPanelTests.swift */; };
		F0SL000002000000000001 /* AppDelegate+StatusBarMenuSliders.swift in Sources */ = {isa = PBXBuildFile; fileRef = F0SL000001000000000001 /* AppDelegate+StatusBarMenuSliders.swift */; };
		F0SN000002000000000001 /* SnapUtils.swift in Sources */ = {isa = PBXBuildFile; fileRef = F0SN000001000000000001 /* SnapUtils.swift */; };
		F0SN000004000000000001 /* SnapUtilsTests.swift in Sources */ = {isa = PBXBuildFile; fileRef = F0SN000003000000000001 /* SnapUtilsTests.swift */; };
		F0SR000002000000000001 /* ScreenRestorationUtils.swift in Sources */ = {isa = PBXBuildFile; fileRef = F0SR000001000000000001 /* ScreenRestorationUtils.swift */; };
		F0SR000004000000000001 /* ScreenRestorationUtilsTests.swift in Sources */ = {isa = PBXBuildFile; fileRef = F0SR000003000000000001 /* ScreenRestorationUtilsTests.swift */; };
		F0SS000002000000000001 /* StraightenSliderView.swift in Sources */ = {isa = PBXBuildFile; fileRef = F0SS000001000000000001 /* StraightenSliderView.swift */; };
		F0SV000002000000000001 /* AppDelegate+Services.swift in Sources */ = {isa = PBXBuildFile; fileRef = F0SV000001000000000001 /* AppDelegate+Services.swift */; };
		F0TB000002000000000001 /* CropEditorToolbarView.swift in Sources */ = {isa = PBXBuildFile; fileRef = F0TB000001000000000001 /* CropEditorToolbarView.swift */; };
		F0TH000002000000000001 /* AppThemeTests.swift in Sources */ = {isa = PBXBuildFile; fileRef = F0TH000001000000000001 /* AppThemeTests.swift */; };
		F0UW000002000000000001 /* UnconstrainedWindow.swift in Sources */ = {isa = PBXBuildFile; fileRef = F0UW000001000000000001 /* UnconstrainedWindow.swift */; };
		F0WH000002000000000001 /* WindowStateHiddenTests.swift in Sources */ = {isa = PBXBuildFile; fileRef = F0WH000001000000000001 /* WindowStateHiddenTests.swift */; };
		F0ZO000002000000000001 /* ZOrderUtils.swift in Sources */ = {isa = PBXBuildFile; fileRef = F0ZO000001000000000001 /* ZOrderUtils.swift */; };
		F0ZO000004000000000001 /* ZOrderUtilsTests.swift in Sources */ = {isa = PBXBuildFile; fileRef = F0ZO000003000000000001 /* ZOrderUtilsTests.swift */; };
		FF000001 /* ScreenRestorationManager.swift in Sources */ = {isa = PBXBuildFile; fileRef = FF000002 /* ScreenRestorationManager.swift */; };
		FF000003 /* ScreenRestorationManagerTests.swift in Sources */ = {isa = PBXBuildFile; fileRef = FF000004 /* ScreenRestorationManagerTests.swift */; };
		FF000005 /* AppDelegate+ScreenRestoration.swift in Sources */ = {isa = PBXBuildFile; fileRef = FF000006 /* AppDelegate+ScreenRestoration.swift */; };
		GG000001 /* Constants.swift in Sources */ = {isa = PBXBuildFile; fileRef = GG000002 /* Constants.swift */; };
		HH000001 /* Localizable.xcstrings in Resources */ = {isa = PBXBuildFile; fileRef = HH000002 /* Localizable.xcstrings */; };
		II000001 /* LanguageManager.swift in Sources */ = {isa = PBXBuildFile; fileRef = II000002 /* LanguageManager.swift */; };
		II000003 /* LanguageManagerTests.swift in Sources */ = {isa = PBXBuildFile; fileRef = II000004 /* LanguageManagerTests.swift */; };
		JJ000001 /* InfoPlist.strings in Resources */ = {isa = PBXBuildFile; fileRef = JJ000004 /* InfoPlist.strings */; };
		KK000001 /* WakeRestorationContext.swift in Sources */ = {isa = PBXBuildFile; fileRef = KK000002 /* WakeRestorationContext.swift */; };
		SM000002 /* SparkleManager.swift in Sources */ = {isa = PBXBuildFile; fileRef = SM000001 /* SparkleManager.swift */; };
/* End PBXBuildFile section */

/* Begin PBXContainerItemProxy section */
		BB000006 /* PBXContainerItemProxy */ = {
			isa = PBXContainerItemProxy;
			containerPortal = AA000050 /* Project object */;
			proxyType = 1;
			remoteGlobalIDString = AA000030;
			remoteInfo = Sobani;
		};
/* End PBXContainerItemProxy section */

/* Begin PBXFileReference section */
		A1B2C3D401000001 /* ManagementPanelController.swift */ = {isa = PBXFileReference; lastKnownFileType = sourcecode.swift; path = ManagementPanelController.swift; sourceTree = "<group>"; };
		A1B2C3D401000003 /* ManagementPanelViewModel.swift */ = {isa = PBXFileReference; lastKnownFileType = sourcecode.swift; path = ManagementPanelViewModel.swift; sourceTree = "<group>"; };
		A1B2C3D401000005 /* ManagementPanelView.swift */ = {isa = PBXFileReference; lastKnownFileType = sourcecode.swift; path = ManagementPanelView.swift; sourceTree = "<group>"; };
		A1B2C3D401000008 /* WindowManagementView.swift */ = {isa = PBXFileReference; lastKnownFileType = sourcecode.swift; path = WindowManagementView.swift; sourceTree = "<group>"; };
		A1B2C3D40100000A /* WindowListView.swift */ = {isa = PBXFileReference; lastKnownFileType = sourcecode.swift; path = WindowListView.swift; sourceTree = "<group>"; };
		A1B2C3D40100000C /* WindowDetailView.swift */ = {isa = PBXFileReference; lastKnownFileType = sourcecode.swift; path = WindowDetailView.swift; sourceTree = "<group>"; };
		A1B2C3D40100000E /* WindowPositionEditorView.swift */ = {isa = PBXFileReference; lastKnownFileType = sourcecode.swift; path = WindowPositionEditorView.swift; sourceTree = "<group>"; };
		A1B2C3D401000010 /* LayoutPresetsView.swift */ = {isa = PBXFileReference; lastKnownFileType = sourcecode.swift; path = LayoutPresetsView.swift; sourceTree = "<group>"; };
		A1B2C3D401000012 /* PresetDetailView.swift */ = {isa = PBXFileReference; lastKnownFileType = sourcecode.swift; path = PresetDetailView.swift; sourceTree = "<group>"; };
		A1B2C3D401000014 /* PresetMinimapView.swift */ = {isa = PBXFileReference; lastKnownFileType = sourcecode.swift; path = PresetMinimapView.swift; sourceTree = "<group>"; };
		A1B2C3D401000016 /* SettingsView.swift */ = {isa = PBXFileReference; lastKnownFileType = sourcecode.swift; path = SettingsView.swift; sourceTree = "<group>"; };
		A1B2C3D401000018 /* CropOverlayPreviewView.swift */ = {isa = PBXFileReference; lastKnownFileType = sourcecode.swift; path = CropOverlayPreviewView.swift; sourceTree = "<group>"; };
		A1B2C3D40100001A /* MinimapLayout.swift */ = {isa = PBXFileReference; lastKnownFileType = sourcecode.swift; path = MinimapLayout.swift; sourceTree = "<group>"; };
		A1B2C3D40100001C /* CroppedImageHelper.swift */ = {isa = PBXFileReference; lastKnownFileType = sourcecode.swift; path = CroppedImageHelper.swift; sourceTree = "<group>"; };
		A1B2C3D40100001E /* MinimapLayoutTests.swift */ = {isa = PBXFileReference; lastKnownFileType = sourcecode.swift; path = MinimapLayoutTests.swift; sourceTree = "<group>"; };
		A1B2C3D401000020 /* CroppedImageHelperTests.swift */ = {isa = PBXFileReference; lastKnownFileType = sourcecode.swift; path = CroppedImageHelperTests.swift; sourceTree = "<group>"; };
		A1B2C3D401000022 /* ManagementPanelViewModel+WindowActions.swift */ = {isa = PBXFileReference; lastKnownFileType = sourcecode.swift; path = "ManagementPanelViewModel+WindowActions.swift"; sourceTree = "<group>"; };
		A1B2C3D401000024 /* RegisteredImagesView.swift */ = {isa = PBXFileReference; lastKnownFileType = sourcecode.swift; path = RegisteredImagesView.swift; sourceTree = "<group>"; };
		A1B2C3D401000026 /* KeyCodeMapper.swift */ = {isa = PBXFileReference; lastKnownFileType = sourcecode.swift; path = KeyCodeMapper.swift; sourceTree = "<group>"; };
		A1B2C3D401000028 /* HotkeyRecorderView.swift */ = {isa = PBXFileReference; lastKnownFileType = sourcecode.swift; path = HotkeyRecorderView.swift; sourceTree = "<group>"; };
		A1B2C3D401000030 /* KeyCodeMapperTests.swift */ = {isa = PBXFileReference; lastKnownFileType = sourcecode.swift; path = KeyCodeMapperTests.swift; sourceTree = "<group>"; };
		A1B2C3D401000032 /* HotkeySettingsTests.swift */ = {isa = PBXFileReference; lastKnownFileType = sourcecode.swift; path = HotkeySettingsTests.swift; sourceTree = "<group>"; };
		A1B2C3D401000034 /* ManagementPanelViewModel+WindowInfo.swift */ = {isa = PBXFileReference; lastKnownFileType = sourcecode.swift; path = "ManagementPanelViewModel+WindowInfo.swift"; sourceTree = "<group>"; };
		A1B2C3D401000036 /* SharedViews.swift */ = {isa = PBXFileReference; lastKnownFileType = sourcecode.swift; path = SharedViews.swift; sourceTree = "<group>"; };
		AA000004 /* Assets.xcassets */ = {isa = PBXFileReference; lastKnownFileType = folder.assetcatalog; path = Assets.xcassets; sourceTree = "<group>"; };
		AA000005 /* Sobani.app */ = {isa = PBXFileReference; explicitFileType = wrapper.application; includeInIndex = 0; path = Sobani.app; sourceTree = BUILT_PRODUCTS_DIR; };
		AA000006 /* Sobani.entitlements */ = {isa = PBXFileReference; lastKnownFileType = text.plist.entitlements; path = Sobani.entitlements; sourceTree = "<group>"; };
		AA000008 /* main.swift */ = {isa = PBXFileReference; lastKnownFileType = sourcecode.swift; path = main.swift; sourceTree = "<group>"; };
		BB000002 /* ImageManagerTests.swift */ = {isa = PBXFileReference; lastKnownFileType = sourcecode.swift; path = ImageManagerTests.swift; sourceTree = "<group>"; };
		BB000003 /* SobaniTests.xctest */ = {isa = PBXFileReference; explicitFileType = wrapper.cfbundle; includeInIndex = 0; path = SobaniTests.xctest; sourceTree = BUILT_PRODUCTS_DIR; };
		C0F10001AAAA000000000001 /* FloatingMenuController.swift */ = {isa = PBXFileReference; lastKnownFileType = sourcecode.swift; path = FloatingMenuController.swift; sourceTree = "<group>"; };
		C0F10001AAAA000000000004 /* FloatingMenuControllerTests.swift */ = {isa = PBXFileReference; lastKnownFileType = sourcecode.swift; path = FloatingMenuControllerTests.swift; sourceTree = "<group>"; };
		C0F10001AAAA000000000005 /* CropRectTests.swift */ = {isa = PBXFileReference; lastKnownFileType = sourcecode.swift; path = CropRectTests.swift; sourceTree = "<group>"; };
		C0F10001AAAA000000000006 /* CropRect.swift */ = {isa = PBXFileReference; lastKnownFileType = sourcecode.swift; path = CropRect.swift; sourceTree = "<group>"; };
		C0F10001AAAA000000000007 /* CropRectExtendedTests.swift */ = {isa = PBXFileReference; lastKnownFileType = sourcecode.swift; path = CropRectExtendedTests.swift; sourceTree = "<group>"; };
		ST000001 /* SparkleManagerTests.swift */ = {isa = PBXFileReference; lastKnownFileType = sourcecode.swift; path = SparkleManagerTests.swift; sourceTree = "<group>"; };
		D2C1B0A9F8E7D6C5B4A3F2E1 /* WakeRestorationContextTests.swift */ = {isa = PBXFileReference; lastKnownFileType = sourcecode.swift; path = WakeRestorationContextTests.swift; sourceTree = "<group>"; };
		DD000002 /* ImageManager.swift */ = {isa = PBXFileReference; lastKnownFileType = sourcecode.swift; path = ImageManager.swift; sourceTree = "<group>"; };
		DD000004 /* DraggableImageView.swift */ = {isa = PBXFileReference; lastKnownFileType = sourcecode.swift; path = DraggableImageView.swift; sourceTree = "<group>"; };
		DD000006 /* CharacterWindow.swift */ = {isa = PBXFileReference; lastKnownFileType = sourcecode.swift; path = CharacterWindow.swift; sourceTree = "<group>"; };
		DD000008 /* AppDelegate.swift */ = {isa = PBXFileReference; lastKnownFileType = sourcecode.swift; path = AppDelegate.swift; sourceTree = "<group>"; };
		DD000010 /* WindowStateManager.swift */ = {isa = PBXFileReference; lastKnownFileType = sourcecode.swift; path = WindowStateManager.swift; sourceTree = "<group>"; };
		DD000012 /* WindowStateManagerTests.swift */ = {isa = PBXFileReference; lastKnownFileType = sourcecode.swift; path = WindowStateManagerTests.swift; sourceTree = "<group>"; };
		DD000014 /* AppDelegate+StatusBarMenu.swift */ = {isa = PBXFileReference; lastKnownFileType = sourcecode.swift; path = "AppDelegate+StatusBarMenu.swift"; sourceTree = "<group>"; };
		DD000016 /* AdjustmentPanelController.swift */ = {isa = PBXFileReference; lastKnownFileType = sourcecode.swift; path = AdjustmentPanelController.swift; sourceTree = "<group>"; };
		E8A1B2C3D4E5F6A7 /* AdjustmentPanelControllerTests.swift */ = {isa = PBXFileReference; lastKnownFileType = sourcecode.swift; path = AdjustmentPanelControllerTests.swift; sourceTree = "<group>"; };
		EE000002 /* LaunchAtLoginManager.swift */ = {isa = PBXFileReference; lastKnownFileType = sourcecode.swift; path = LaunchAtLoginManager.swift; sourceTree = "<group>"; };
		EE000004 /* LaunchAtLoginManagerTests.swift */ = {isa = PBXFileReference; lastKnownFileType = sourcecode.swift; path = LaunchAtLoginManagerTests.swift; sourceTree = "<group>"; };
		F0AD000001000000000001 /* AppDelegateTests.swift */ = {isa = PBXFileReference; lastKnownFileType = sourcecode.swift; path = AppDelegateTests.swift; sourceTree = "<group>"; };
		F0AF000001000000000001 /* AlertFactory.swift */ = {isa = PBXFileReference; lastKnownFileType = sourcecode.swift; path = AlertFactory.swift; sourceTree = "<group>"; };
		F0ALP00001000000000001 /* AppDelegate+LayoutPreset.swift */ = {isa = PBXFileReference; lastKnownFileType = sourcecode.swift; path = "AppDelegate+LayoutPreset.swift"; sourceTree = "<group>"; };
		F0AR000001000000000001 /* AspectRatioPreset.swift */ = {isa = PBXFileReference; lastKnownFileType = sourcecode.swift; path = AspectRatioPreset.swift; sourceTree = "<group>"; };
		F0AR000003000000000001 /* AspectRatioPresetTests.swift */ = {isa = PBXFileReference; lastKnownFileType = sourcecode.swift; path = AspectRatioPresetTests.swift; sourceTree = "<group>"; };
		F0ARS00001000000000001 /* AspectRatioSelectorView.swift */ = {isa = PBXFileReference; lastKnownFileType = sourcecode.swift; path = AspectRatioSelectorView.swift; sourceTree = "<group>"; };
		F0AS000001000000000001 /* AppDelegateServicesTests.swift */ = {isa = PBXFileReference; lastKnownFileType = sourcecode.swift; path = AppDelegateServicesTests.swift; sourceTree = "<group>"; };
		F0AT000001000000000001 /* AppDelegate+TestableLogic.swift */ = {isa = PBXFileReference; lastKnownFileType = sourcecode.swift; path = "AppDelegate+TestableLogic.swift"; sourceTree = "<group>"; };
		F0BG000001000000000001 /* BackgroundRemovalManager.swift */ = {isa = PBXFileReference; lastKnownFileType = sourcecode.swift; path = BackgroundRemovalManager.swift; sourceTree = "<group>"; };
		F0BG000003000000000001 /* BackgroundRemovalManagerTests.swift */ = {isa = PBXFileReference; lastKnownFileType = sourcecode.swift; path = BackgroundRemovalManagerTests.swift; sourceTree = "<group>"; };
		F0CE000001000000000001 /* CropEditorPanelController.swift */ = {isa = PBXFileReference; lastKnownFileType = sourcecode.swift; path = CropEditorPanelController.swift; sourceTree = "<group>"; };
		F0CG000001000000000001 /* CropGeometry.swift */ = {isa = PBXFileReference; lastKnownFileType = sourcecode.swift; path = CropGeometry.swift; sourceTree = "<group>"; };
		F0CG000003000000000001 /* CropGeometryTests.swift */ = {isa = PBXFileReference; lastKnownFileType = sourcecode.swift; path = CropGeometryTests.swift; sourceTree = "<group>"; };
		F0CI000001000000000001 /* CropImageProcessor.swift */ = {isa = PBXFileReference; lastKnownFileType = sourcecode.swift; path = CropImageProcessor.swift; sourceTree = "<group>"; };
		F0CI000003000000000001 /* CropImageProcessorTests.swift */ = {isa = PBXFileReference; lastKnownFileType = sourcecode.swift; path = CropImageProcessorTests.swift; sourceTree = "<group>"; };
		F0COS00001000000000001 /* CharacterWindow+OtherSubmenu.swift */ = {isa = PBXFileReference; lastKnownFileType = sourcecode.swift; path = "CharacterWindow+OtherSubmenu.swift"; sourceTree = "<group>"; };
		F0CP000001000000000001 /* CharacterWindow+Positioning.swift */ = {isa = PBXFileReference; lastKnownFileType = sourcecode.swift; path = "CharacterWindow+Positioning.swift"; sourceTree = "<group>"; };
		F0CSS00001000000000001 /* CropShapeSelectorView.swift */ = {isa = PBXFileReference; lastKnownFileType = sourcecode.swift; path = CropShapeSelectorView.swift; sourceTree = "<group>"; };
		F0CT000001000000000001 /* ConstantsTests.swift */ = {isa = PBXFileReference; lastKnownFileType = sourcecode.swift; path = ConstantsTests.swift; sourceTree = "<group>"; };
		F0CV000001000000000001 /* CropEditorCanvasView.swift */ = {isa = PBXFileReference; lastKnownFileType = sourcecode.swift; path = CropEditorCanvasView.swift; sourceTree = "<group>"; };
		F0CW000001000000000001 /* CharacterWindowTests.swift */ = {isa = PBXFileReference; lastKnownFileType = sourcecode.swift; path = CharacterWindowTests.swift; sourceTree = "<group>"; };
		F0DD000001000000000001 /* DragDropUtils.swift */ = {isa = PBXFileReference; lastKnownFileType = sourcecode.swift; path = DragDropUtils.swift; sourceTree = "<group>"; };
		F0DD000003000000000001 /* DragDropUtilsTests.swift */ = {isa = PBXFileReference; lastKnownFileType = sourcecode.swift; path = DragDropUtilsTests.swift; sourceTree = "<group>"; };
		F0DI000001000000000001 /* DraggableImageViewTests.swift */ = {isa = PBXFileReference; lastKnownFileType = sourcecode.swift; path = DraggableImageViewTests.swift; sourceTree = "<group>"; };
		F0EH000001000000000001 /* CropEditHistory.swift */ = {isa = PBXFileReference; lastKnownFileType = sourcecode.swift; path = CropEditHistory.swift; sourceTree = "<group>"; };
		F0EH000003000000000001 /* CropEditHistoryTests.swift */ = {isa = PBXFileReference; lastKnownFileType = sourcecode.swift; path = CropEditHistoryTests.swift; sourceTree = "<group>"; };
		F0GM000001000000000001 /* WindowStateGhostModeTests.swift */ = {isa = PBXFileReference; lastKnownFileType = sourcecode.swift; path = WindowStateGhostModeTests.swift; sourceTree = "<group>"; };
		F0HK000001000000000001 /* AppDelegate+Hotkey.swift */ = {isa = PBXFileReference; lastKnownFileType = sourcecode.swift; path = "AppDelegate+Hotkey.swift"; sourceTree = "<group>"; };
		F0HW000001000000000001 /* CharacterWindow+TestableStaticMethods.swift */ = {isa = PBXFileReference; lastKnownFileType = sourcecode.swift; path = "CharacterWindow+TestableStaticMethods.swift"; sourceTree = "<group>"; };
		F0IP000001000000000001 /* ImagePreviewPanel.swift */ = {isa = PBXFileReference; lastKnownFileType = sourcecode.swift; path = ImagePreviewPanel.swift; sourceTree = "<group>"; };
		F0JP000001000000000001 /* JSONPersistence.swift */ = {isa = PBXFileReference; lastKnownFileType = sourcecode.swift; path = JSONPersistence.swift; sourceTree = "<group>"; };
		F0JP000003000000000001 /* JSONPersistenceTests.swift */ = {isa = PBXFileReference; lastKnownFileType = sourcecode.swift; path = JSONPersistenceTests.swift; sourceTree = "<group>"; };
		F0LE000001000000000001 /* LayoutPresetManagerExtendedTests.swift */ = {isa = PBXFileReference; lastKnownFileType = sourcecode.swift; path = LayoutPresetManagerExtendedTests.swift; sourceTree = "<group>"; };
		F0LP000001000000000001 /* LayoutPresetManager.swift */ = {isa = PBXFileReference; lastKnownFileType = sourcecode.swift; path = LayoutPresetManager.swift; sourceTree = "<group>"; };
		F0LP000003000000000001 /* LayoutPresetManagerTests.swift */ = {isa = PBXFileReference; lastKnownFileType = sourcecode.swift; path = LayoutPresetManagerTests.swift; sourceTree = "<group>"; };
		F0LR000001000000000001 /* LayoutPresetRenameTests.swift */ = {isa = PBXFileReference; lastKnownFileType = sourcecode.swift; path = LayoutPresetRenameTests.swift; sourceTree = "<group>"; };
		F0MS000001000000000001 /* MenuStateUtils.swift */ = {isa = PBXFileReference; lastKnownFileType = sourcecode.swift; path = MenuStateUtils.swift; sourceTree = "<group>"; };
		F0MS000003000000000001 /* MenuStateUtilsTests.swift */ = {isa = PBXFileReference; lastKnownFileType = sourcecode.swift; path = MenuStateUtilsTests.swift; sourceTree = "<group>"; };
		F0NF000001000000000001 /* Info.plist */ = {isa = PBXFileReference; lastKnownFileType = text.plist.xml; path = Info.plist; sourceTree = "<group>"; };
		F0NM000001000000000001 /* NSMenu+RegisteredImages.swift */ = {isa = PBXFileReference; lastKnownFileType = sourcecode.swift; path = "NSMenu+RegisteredImages.swift"; sourceTree = "<group>"; };
		F0NP000001000000000001 /* NSPanel+FloatingConfig.swift */ = {isa = PBXFileReference; lastKnownFileType = sourcecode.swift; path = "NSPanel+FloatingConfig.swift"; sourceTree = "<group>"; };
		F0OB000001000000000001 /* OnboardingManager.swift */ = {isa = PBXFileReference; lastKnownFileType = sourcecode.swift; path = OnboardingManager.swift; sourceTree = "<group>"; };
		F0OB000003000000000001 /* OnboardingWindowController.swift */ = {isa = PBXFileReference; lastKnownFileType = sourcecode.swift; path = OnboardingWindowController.swift; sourceTree = "<group>"; };
		F0OB000005000000000001 /* OnboardingManagerTests.swift */ = {isa = PBXFileReference; lastKnownFileType = sourcecode.swift; path = OnboardingManagerTests.swift; sourceTree = "<group>"; };
		F0OW000001000000000001 /* OnboardingWindowControllerTests.swift */ = {isa = PBXFileReference; lastKnownFileType = sourcecode.swift; path = OnboardingWindowControllerTests.swift; sourceTree = "<group>"; };
		F0PS000003000000000001 /* PathSanitizerTests.swift */ = {isa = PBXFileReference; lastKnownFileType = sourcecode.swift; path = PathSanitizerTests.swift; sourceTree = "<group>"; };
		F0PT000001000000000001 /* ImagePreviewPanelTests.swift */ = {isa = PBXFileReference; lastKnownFileType = sourcecode.swift; path = ImagePreviewPanelTests.swift; sourceTree = "<group>"; };
		F0SL000001000000000001 /* AppDelegate+StatusBarMenuSliders.swift */ = {isa = PBXFileReference; lastKnownFileType = sourcecode.swift; path = "AppDelegate+StatusBarMenuSliders.swift"; sourceTree = "<group>"; };
		F0SN000001000000000001 /* SnapUtils.swift */ = {isa = PBXFileReference; lastKnownFileType = sourcecode.swift; path = SnapUtils.swift; sourceTree = "<group>"; };
		F0SN000003000000000001 /* SnapUtilsTests.swift */ = {isa = PBXFileReference; lastKnownFileType = sourcecode.swift; path = SnapUtilsTests.swift; sourceTree = "<group>"; };
		F0SR000001000000000001 /* ScreenRestorationUtils.swift */ = {isa = PBXFileReference; lastKnownFileType = sourcecode.swift; path = ScreenRestorationUtils.swift; sourceTree = "<group>"; };
		F0SR000003000000000001 /* ScreenRestorationUtilsTests.swift */ = {isa = PBXFileReference; lastKnownFileType = sourcecode.swift; path = ScreenRestorationUtilsTests.swift; sourceTree = "<group>"; };
		F0SS000001000000000001 /* StraightenSliderView.swift */ = {isa = PBXFileReference; lastKnownFileType = sourcecode.swift; path = StraightenSliderView.swift; sourceTree = "<group>"; };
		F0SV000001000000000001 /* AppDelegate+Services.swift */ = {isa = PBXFileReference; lastKnownFileType = sourcecode.swift; path = "AppDelegate+Services.swift"; sourceTree = "<group>"; };
		F0TB000001000000000001 /* CropEditorToolbarView.swift */ = {isa = PBXFileReference; lastKnownFileType = sourcecode.swift; path = CropEditorToolbarView.swift; sourceTree = "<group>"; };
		F0TH000001000000000001 /* AppThemeTests.swift */ = {isa = PBXFileReference; lastKnownFileType = sourcecode.swift; path = AppThemeTests.swift; sourceTree = "<group>"; };
		F0UW000001000000000001 /* UnconstrainedWindow.swift */ = {isa = PBXFileReference; lastKnownFileType = sourcecode.swift; path = UnconstrainedWindow.swift; sourceTree = "<group>"; };
		F0WH000001000000000001 /* WindowStateHiddenTests.swift */ = {isa = PBXFileReference; lastKnownFileType = sourcecode.swift; path = WindowStateHiddenTests.swift; sourceTree = "<group>"; };
		F0ZO000001000000000001 /* ZOrderUtils.swift */ = {isa = PBXFileReference; lastKnownFileType = sourcecode.swift; path = ZOrderUtils.swift; sourceTree = "<group>"; };
		F0ZO000003000000000001 /* ZOrderUtilsTests.swift */ = {isa = PBXFileReference; lastKnownFileType = sourcecode.swift; path = ZOrderUtilsTests.swift; sourceTree = "<group>"; };
		FF000002 /* ScreenRestorationManager.swift */ = {isa = PBXFileReference; lastKnownFileType = sourcecode.swift; path = ScreenRestorationManager.swift; sourceTree = "<group>"; };
		FF000004 /* ScreenRestorationManagerTests.swift */ = {isa = PBXFileReference; lastKnownFileType = sourcecode.swift; path = ScreenRestorationManagerTests.swift; sourceTree = "<group>"; };
		FF000006 /* AppDelegate+ScreenRestoration.swift */ = {isa = PBXFileReference; lastKnownFileType = sourcecode.swift; path = "AppDelegate+ScreenRestoration.swift"; sourceTree = "<group>"; };
		GG000002 /* Constants.swift */ = {isa = PBXFileReference; lastKnownFileType = sourcecode.swift; path = Constants.swift; sourceTree = "<group>"; };
		HH000002 /* Localizable.xcstrings */ = {isa = PBXFileReference; lastKnownFileType = text.json.xcstrings; path = Localizable.xcstrings; sourceTree = "<group>"; };
		II000002 /* LanguageManager.swift */ = {isa = PBXFileReference; lastKnownFileType = sourcecode.swift; path = LanguageManager.swift; sourceTree = "<group>"; };
		II000004 /* LanguageManagerTests.swift */ = {isa = PBXFileReference; lastKnownFileType = sourcecode.swift; path = LanguageManagerTests.swift; sourceTree = "<group>"; };
		JJ000002 /* en */ = {isa = PBXFileReference; lastKnownFileType = text.plist.strings; name = en; path = en.lproj/InfoPlist.strings; sourceTree = "<group>"; };
		JJ000003 /* ja */ = {isa = PBXFileReference; lastKnownFileType = text.plist.strings; name = ja; path = ja.lproj/InfoPlist.strings; sourceTree = "<group>"; };
		KK000002 /* WakeRestorationContext.swift */ = {isa = PBXFileReference; lastKnownFileType = sourcecode.swift; path = WakeRestorationContext.swift; sourceTree = "<group>"; };
		SM000001 /* SparkleManager.swift */ = {isa = PBXFileReference; lastKnownFileType = sourcecode.swift; path = SparkleManager.swift; sourceTree = "<group>"; };
/* End PBXFileReference section */

/* Begin PBXFrameworksBuildPhase section */
		AA000010 /* Frameworks */ = {
			isa = PBXFrameworksBuildPhase;
			buildActionMask = 2147483647;
			files = (
				8E8DFC8A2F6955120039794F /* Sparkle in Frameworks */,
			);
			runOnlyForDeploymentPostprocessing = 0;
		};
		BB000009 /* Frameworks */ = {
			isa = PBXFrameworksBuildPhase;
			buildActionMask = 2147483647;
			files = (
			);
			runOnlyForDeploymentPostprocessing = 0;
		};
/* End PBXFrameworksBuildPhase section */

/* Begin PBXGroup section */
		A1B2C3D401000007 /* ManagementPanel */ = {
			isa = PBXGroup;
			children = (
				A1B2C3D401000001 /* ManagementPanelController.swift */,
				A1B2C3D401000005 /* ManagementPanelView.swift */,
				A1B2C3D401000003 /* ManagementPanelViewModel.swift */,
				A1B2C3D401000008 /* WindowManagementView.swift */,
				A1B2C3D40100000A /* WindowListView.swift */,
				A1B2C3D40100000C /* WindowDetailView.swift */,
				A1B2C3D40100000E /* WindowPositionEditorView.swift */,
				A1B2C3D401000010 /* LayoutPresetsView.swift */,
				A1B2C3D401000012 /* PresetDetailView.swift */,
				A1B2C3D401000014 /* PresetMinimapView.swift */,
				A1B2C3D401000016 /* SettingsView.swift */,
				A1B2C3D401000028 /* HotkeyRecorderView.swift */,
				A1B2C3D401000018 /* CropOverlayPreviewView.swift */,
				A1B2C3D40100001A /* MinimapLayout.swift */,
				A1B2C3D40100001C /* CroppedImageHelper.swift */,
				A1B2C3D401000022 /* ManagementPanelViewModel+WindowActions.swift */,
				A1B2C3D401000034 /* ManagementPanelViewModel+WindowInfo.swift */,
				A1B2C3D401000024 /* RegisteredImagesView.swift */,
				A1B2C3D401000036 /* SharedViews.swift */,
			);
			path = ManagementPanel;
			sourceTree = "<group>";
		};
		AA000020 = {
			isa = PBXGroup;
			children = (
				AA000021 /* Sobani */,
				BB000004 /* SobaniTests */,
				AA000022 /* Products */,
			);
			sourceTree = "<group>";
		};
		AA000021 /* Sobani */ = {
			isa = PBXGroup;
			children = (
				AA000008 /* main.swift */,
				DD000008 /* AppDelegate.swift */,
				DD000014 /* AppDelegate+StatusBarMenu.swift */,
				F0SL000001000000000001 /* AppDelegate+StatusBarMenuSliders.swift */,
				F0ALP00001000000000001 /* AppDelegate+LayoutPreset.swift */,
				F0HK000001000000000001 /* AppDelegate+Hotkey.swift */,
				DD000006 /* CharacterWindow.swift */,
				F0COS00001000000000001 /* CharacterWindow+OtherSubmenu.swift */,
				F0HW000001000000000001 /* CharacterWindow+TestableStaticMethods.swift */,
				F0CP000001000000000001 /* CharacterWindow+Positioning.swift */,
				DD000004 /* DraggableImageView.swift */,
				DD000002 /* ImageManager.swift */,
				SM000001 /* SparkleManager.swift */,
				DD000016 /* AdjustmentPanelController.swift */,
				EE000002 /* LaunchAtLoginManager.swift */,
				FF000002 /* ScreenRestorationManager.swift */,
				FF000006 /* AppDelegate+ScreenRestoration.swift */,
				GG000002 /* Constants.swift */,
				KK000002 /* WakeRestorationContext.swift */,
				II000002 /* LanguageManager.swift */,
				F0BG000001000000000001 /* BackgroundRemovalManager.swift */,
				F0DD000001000000000001 /* DragDropUtils.swift */,
				F0OB000001000000000001 /* OnboardingManager.swift */,
				F0OB000003000000000001 /* OnboardingWindowController.swift */,
				F0LP000001000000000001 /* LayoutPresetManager.swift */,
				F0UW000001000000000001 /* UnconstrainedWindow.swift */,
				F0IP000001000000000001 /* ImagePreviewPanel.swift */,
				F0ZO000001000000000001 /* ZOrderUtils.swift */,
				F0SN000001000000000001 /* SnapUtils.swift */,
				F0MS000001000000000001 /* MenuStateUtils.swift */,
				F0SR000001000000000001 /* ScreenRestorationUtils.swift */,
				F0AT000001000000000001 /* AppDelegate+TestableLogic.swift */,
				F0SV000001000000000001 /* AppDelegate+Services.swift */,
				C0F10001AAAA000000000001 /* FloatingMenuController.swift */,
				C0F10001AAAA000000000006 /* CropRect.swift */,
				F0AR000001000000000001 /* AspectRatioPreset.swift */,
				F0CG000001000000000001 /* CropGeometry.swift */,
				F0CI000001000000000001 /* CropImageProcessor.swift */,
				F0CE000001000000000001 /* CropEditorPanelController.swift */,
				F0CV000001000000000001 /* CropEditorCanvasView.swift */,
				F0SS000001000000000001 /* StraightenSliderView.swift */,
				F0ARS00001000000000001 /* AspectRatioSelectorView.swift */,
				F0CSS00001000000000001 /* CropShapeSelectorView.swift */,
				F0TB000001000000000001 /* CropEditorToolbarView.swift */,
				F0EH000001000000000001 /* CropEditHistory.swift */,
				F0AF000001000000000001 /* AlertFactory.swift */,
				F0JP000001000000000001 /* JSONPersistence.swift */,
				F0NP000001000000000001 /* NSPanel+FloatingConfig.swift */,
				F0NM000001000000000001 /* NSMenu+RegisteredImages.swift */,
				DD000010 /* WindowStateManager.swift */,
				A1B2C3D401000026 /* KeyCodeMapper.swift */,
				A1B2C3D401000007 /* ManagementPanel */,
				HH000002 /* Localizable.xcstrings */,
				AA000004 /* Assets.xcassets */,
				AA000006 /* Sobani.entitlements */,
				F0NF000001000000000001 /* Info.plist */,
				JJ000004 /* InfoPlist.strings */,
			);
			path = Sobani;
			sourceTree = "<group>";
		};
		AA000022 /* Products */ = {
			isa = PBXGroup;
			children = (
				AA000005 /* Sobani.app */,
				BB000003 /* SobaniTests.xctest */,
			);
			name = Products;
			sourceTree = "<group>";
		};
		BB000004 /* SobaniTests */ = {
			isa = PBXGroup;
			children = (
				BB000002 /* ImageManagerTests.swift */,
				ST000001 /* SparkleManagerTests.swift */,
				DD000012 /* WindowStateManagerTests.swift */,
				EE000004 /* LaunchAtLoginManagerTests.swift */,
				FF000004 /* ScreenRestorationManagerTests.swift */,
				II000004 /* LanguageManagerTests.swift */,
				F0BG000003000000000001 /* BackgroundRemovalManagerTests.swift */,
				F0DD000003000000000001 /* DragDropUtilsTests.swift */,
				F0OB000005000000000001 /* OnboardingManagerTests.swift */,
				F0LP000003000000000001 /* LayoutPresetManagerTests.swift */,
				F0PS000003000000000001 /* PathSanitizerTests.swift */,
				D2C1B0A9F8E7D6C5B4A3F2E1 /* WakeRestorationContextTests.swift */,
				F0CT000001000000000001 /* ConstantsTests.swift */,
				F0LR000001000000000001 /* LayoutPresetRenameTests.swift */,
				F0LE000001000000000001 /* LayoutPresetManagerExtendedTests.swift */,
				E8A1B2C3D4E5F6A7 /* AdjustmentPanelControllerTests.swift */,
				F0DI000001000000000001 /* DraggableImageViewTests.swift */,
				F0PT000001000000000001 /* ImagePreviewPanelTests.swift */,
				F0ZO000003000000000001 /* ZOrderUtilsTests.swift */,
				F0SN000003000000000001 /* SnapUtilsTests.swift */,
				F0CW000001000000000001 /* CharacterWindowTests.swift */,
				F0AD000001000000000001 /* AppDelegateTests.swift */,
				F0AS000001000000000001 /* AppDelegateServicesTests.swift */,
				F0MS000003000000000001 /* MenuStateUtilsTests.swift */,
				F0SR000003000000000001 /* ScreenRestorationUtilsTests.swift */,
				F0OW000001000000000001 /* OnboardingWindowControllerTests.swift */,
				C0F10001AAAA000000000004 /* FloatingMenuControllerTests.swift */,
				C0F10001AAAA000000000005 /* CropRectTests.swift */,
				C0F10001AAAA000000000007 /* CropRectExtendedTests.swift */,
				F0AR000003000000000001 /* AspectRatioPresetTests.swift */,
				F0CG000003000000000001 /* CropGeometryTests.swift */,
				F0CI000003000000000001 /* CropImageProcessorTests.swift */,
				F0EH000003000000000001 /* CropEditHistoryTests.swift */,
				F0JP000003000000000001 /* JSONPersistenceTests.swift */,
				F0GM000001000000000001 /* WindowStateGhostModeTests.swift */,
				F0WH000001000000000001 /* WindowStateHiddenTests.swift */,
				F0TH000001000000000001 /* AppThemeTests.swift */,
				A1B2C3D40100001E /* MinimapLayoutTests.swift */,
				A1B2C3D401000020 /* CroppedImageHelperTests.swift */,
				A1B2C3D401000030 /* KeyCodeMapperTests.swift */,
				A1B2C3D401000032 /* HotkeySettingsTests.swift */,
			);
			path = SobaniTests;
			sourceTree = "<group>";
		};
/* End PBXGroup section */

/* Begin PBXNativeTarget section */
		AA000030 /* Sobani */ = {
			isa = PBXNativeTarget;
			buildConfigurationList = AA000040 /* Build configuration list for PBXNativeTarget "Sobani" */;
			buildPhases = (
				CC000001 /* SwiftLint */,
				AA000031 /* Sources */,
				AA000010 /* Frameworks */,
				AA000032 /* Resources */,
			);
			buildRules = (
			);
			dependencies = (
			);
			name = Sobani;
			productName = Sobani;
			productReference = AA000005 /* Sobani.app */;
			productType = "com.apple.product-type.application";
		};
		BB000005 /* SobaniTests */ = {
			isa = PBXNativeTarget;
			buildConfigurationList = BB000012 /* Build configuration list for PBXNativeTarget "SobaniTests" */;
			buildPhases = (
				BB000008 /* Sources */,
				BB000009 /* Frameworks */,
			);
			buildRules = (
			);
			dependencies = (
				BB000007 /* PBXTargetDependency */,
			);
			name = SobaniTests;
			productName = SobaniTests;
			productReference = BB000003 /* SobaniTests.xctest */;
			productType = "com.apple.product-type.bundle.unit-test";
		};
/* End PBXNativeTarget section */

/* Begin PBXProject section */
		AA000050 /* Project object */ = {
			isa = PBXProject;
			attributes = {
				BuildIndependentTargetsInParallel = 1;
				LastSwiftUpdateCheck = 1500;
				LastUpgradeCheck = 1500;
				TargetAttributes = {
					AA000030 = {
						CreatedOnToolsVersion = 15.0;
					};
					BB000005 = {
						CreatedOnToolsVersion = 15.0;
						TestTargetID = AA000030;
					};
				};
			};
			buildConfigurationList = AA000051 /* Build configuration list for PBXProject "Sobani" */;
			compatibilityVersion = "Xcode 14.0";
			developmentRegion = en;
			hasScannedForEncodings = 0;
			knownRegions = (
				en,
				Base,
				ja,
			);
			mainGroup = AA000020;
			packageReferences = (
				8E8DFC882F6955120039794F /* XCRemoteSwiftPackageReference "Sparkle" */,
			);
			productRefGroup = AA000022 /* Products */;
			projectDirPath = "";
			projectRoot = "";
			targets = (
				AA000030 /* Sobani */,
				BB000005 /* SobaniTests */,
			);
		};
/* End PBXProject section */

/* Begin PBXResourcesBuildPhase section */
		AA000032 /* Resources */ = {
			isa = PBXResourcesBuildPhase;
			buildActionMask = 2147483647;
			files = (
				AA000003 /* Assets.xcassets in Resources */,
				HH000001 /* Localizable.xcstrings in Resources */,
				JJ000001 /* InfoPlist.strings in Resources */,
			);
			runOnlyForDeploymentPostprocessing = 0;
		};
/* End PBXResourcesBuildPhase section */

/* Begin PBXShellScriptBuildPhase section */
		CC000001 /* SwiftLint */ = {
			isa = PBXShellScriptBuildPhase;
			alwaysOutOfDate = 1;
			buildActionMask = 2147483647;
			files = (
			);
			inputFileListPaths = (
			);
			inputPaths = (
			);
			name = SwiftLint;
			outputFileListPaths = (
			);
			outputPaths = (
			);
			runOnlyForDeploymentPostprocessing = 0;
			shellPath = /bin/sh;
			shellScript = "if command -v swiftlint >/dev/null 2>&1; then\n  swiftlint\nelse\n  echo \"SwiftLint is not installed. Run 'brew install swiftlint' to enable linting.\"\nfi\n";
		};
/* End PBXShellScriptBuildPhase section */

/* Begin PBXSourcesBuildPhase section */
		AA000031 /* Sources */ = {
			isa = PBXSourcesBuildPhase;
			buildActionMask = 2147483647;
			files = (
				DD000007 /* AppDelegate.swift in Sources */,
				F0ALP00002000000000001 /* AppDelegate+LayoutPreset.swift in Sources */,
				F0HK000002000000000001 /* AppDelegate+Hotkey.swift in Sources */,
				DD000005 /* CharacterWindow.swift in Sources */,
				F0COS00002000000000001 /* CharacterWindow+OtherSubmenu.swift in Sources */,
				DD000003 /* DraggableImageView.swift in Sources */,
				DD000001 /* ImageManager.swift in Sources */,
				SM000002 /* SparkleManager.swift in Sources */,
				DD000009 /* WindowStateManager.swift in Sources */,
				DD000015 /* AdjustmentPanelController.swift in Sources */,
				DD000013 /* AppDelegate+StatusBarMenu.swift in Sources */,
				EE000001 /* LaunchAtLoginManager.swift in Sources */,
				FF000001 /* ScreenRestorationManager.swift in Sources */,
				FF000005 /* AppDelegate+ScreenRestoration.swift in Sources */,
				GG000001 /* Constants.swift in Sources */,
				KK000001 /* WakeRestorationContext.swift in Sources */,
				II000001 /* LanguageManager.swift in Sources */,
				F0BG000002000000000001 /* BackgroundRemovalManager.swift in Sources */,
				F0DD000002000000000001 /* DragDropUtils.swift in Sources */,
				F0OB000002000000000001 /* OnboardingManager.swift in Sources */,
				F0OB000004000000000001 /* OnboardingWindowController.swift in Sources */,
				F0LP000002000000000001 /* LayoutPresetManager.swift in Sources */,
				F0UW000002000000000001 /* UnconstrainedWindow.swift in Sources */,
				F0IP000002000000000001 /* ImagePreviewPanel.swift in Sources */,
				F0ZO000002000000000001 /* ZOrderUtils.swift in Sources */,
				F0SN000002000000000001 /* SnapUtils.swift in Sources */,
				F0MS000002000000000001 /* MenuStateUtils.swift in Sources */,
				F0SR000002000000000001 /* ScreenRestorationUtils.swift in Sources */,
				F0AT000002000000000001 /* AppDelegate+TestableLogic.swift in Sources */,
				F0SV000002000000000001 /* AppDelegate+Services.swift in Sources */,
				C0F10002AAAA000000000001 /* FloatingMenuController.swift in Sources */,
				C0F10002AAAA000000000006 /* CropRect.swift in Sources */,
				F0AR000002000000000001 /* AspectRatioPreset.swift in Sources */,
				F0CG000002000000000001 /* CropGeometry.swift in Sources */,
				F0CI000002000000000001 /* CropImageProcessor.swift in Sources */,
				F0CE000002000000000001 /* CropEditorPanelController.swift in Sources */,
				F0CV000002000000000001 /* CropEditorCanvasView.swift in Sources */,
				F0SS000002000000000001 /* StraightenSliderView.swift in Sources */,
				F0ARS00002000000000001 /* AspectRatioSelectorView.swift in Sources */,
				F0CSS00002000000000001 /* CropShapeSelectorView.swift in Sources */,
				F0TB000002000000000001 /* CropEditorToolbarView.swift in Sources */,
				F0EH000002000000000001 /* CropEditHistory.swift in Sources */,
				F0AF000002000000000001 /* AlertFactory.swift in Sources */,
				F0JP000002000000000001 /* JSONPersistence.swift in Sources */,
				F0NP000002000000000001 /* NSPanel+FloatingConfig.swift in Sources */,
				F0NM000002000000000001 /* NSMenu+RegisteredImages.swift in Sources */,
				F0HW000002000000000001 /* CharacterWindow+TestableStaticMethods.swift in Sources */,
				F0CP000002000000000001 /* CharacterWindow+Positioning.swift in Sources */,
				F0SL000002000000000001 /* AppDelegate+StatusBarMenuSliders.swift in Sources */,
				AA000007 /* main.swift in Sources */,
				A1B2C3D401000002 /* ManagementPanelController.swift in Sources */,
				A1B2C3D401000004 /* ManagementPanelViewModel.swift in Sources */,
				A1B2C3D401000006 /* ManagementPanelView.swift in Sources */,
				A1B2C3D401000009 /* WindowManagementView.swift in Sources */,
				A1B2C3D40100000B /* WindowListView.swift in Sources */,
				A1B2C3D40100000D /* WindowDetailView.swift in Sources */,
				A1B2C3D40100000F /* WindowPositionEditorView.swift in Sources */,
				A1B2C3D401000011 /* LayoutPresetsView.swift in Sources */,
				A1B2C3D401000013 /* PresetDetailView.swift in Sources */,
				A1B2C3D401000015 /* PresetMinimapView.swift in Sources */,
				A1B2C3D401000017 /* SettingsView.swift in Sources */,
				A1B2C3D401000019 /* CropOverlayPreviewView.swift in Sources */,
				A1B2C3D40100001B /* MinimapLayout.swift in Sources */,
				A1B2C3D40100001D /* CroppedImageHelper.swift in Sources */,
				A1B2C3D401000023 /* ManagementPanelViewModel+WindowActions.swift in Sources */,
				A1B2C3D401000035 /* ManagementPanelViewModel+WindowInfo.swift in Sources */,
				A1B2C3D401000025 /* RegisteredImagesView.swift in Sources */,
				A1B2C3D401000027 /* KeyCodeMapper.swift in Sources */,
				A1B2C3D401000029 /* HotkeyRecorderView.swift in Sources */,
				A1B2C3D401000037 /* SharedViews.swift in Sources */,
			);
			runOnlyForDeploymentPostprocessing = 0;
		};
		BB000008 /* Sources */ = {
			isa = PBXSourcesBuildPhase;
			buildActionMask = 2147483647;
			files = (
				BB000001 /* ImageManagerTests.swift in Sources */,
				ST000002 /* SparkleManagerTests.swift in Sources */,
				DD000011 /* WindowStateManagerTests.swift in Sources */,
				EE000003 /* LaunchAtLoginManagerTests.swift in Sources */,
				FF000003 /* ScreenRestorationManagerTests.swift in Sources */,
				II000003 /* LanguageManagerTests.swift in Sources */,
				F0BG000004000000000001 /* BackgroundRemovalManagerTests.swift in Sources */,
				F0DD000004000000000001 /* DragDropUtilsTests.swift in Sources */,
				F0OB000006000000000001 /* OnboardingManagerTests.swift in Sources */,
				F0LP000004000000000001 /* LayoutPresetManagerTests.swift in Sources */,
				F0PS000004000000000001 /* PathSanitizerTests.swift in Sources */,
				E1F2A3B4C5D6E7F8A9B0C1D2 /* WakeRestorationContextTests.swift in Sources */,
				F0CT000002000000000001 /* ConstantsTests.swift in Sources */,
				F0LR000002000000000001 /* LayoutPresetRenameTests.swift in Sources */,
				F0LE000002000000000001 /* LayoutPresetManagerExtendedTests.swift in Sources */,
				E8A1B2C3D4E5F6A8 /* AdjustmentPanelControllerTests.swift in Sources */,
				F0DI000002000000000001 /* DraggableImageViewTests.swift in Sources */,
				F0PT000002000000000001 /* ImagePreviewPanelTests.swift in Sources */,
				F0ZO000004000000000001 /* ZOrderUtilsTests.swift in Sources */,
				F0SN000004000000000001 /* SnapUtilsTests.swift in Sources */,
				F0CW000002000000000001 /* CharacterWindowTests.swift in Sources */,
				F0AD000002000000000001 /* AppDelegateTests.swift in Sources */,
				F0AS000002000000000001 /* AppDelegateServicesTests.swift in Sources */,
				F0MS000004000000000001 /* MenuStateUtilsTests.swift in Sources */,
				F0SR000004000000000001 /* ScreenRestorationUtilsTests.swift in Sources */,
				F0OW000002000000000001 /* OnboardingWindowControllerTests.swift in Sources */,
				C0F10002AAAA000000000004 /* FloatingMenuControllerTests.swift in Sources */,
				C0F10002AAAA000000000005 /* CropRectTests.swift in Sources */,
				C0F10002AAAA000000000007 /* CropRectExtendedTests.swift in Sources */,
				F0AR000004000000000001 /* AspectRatioPresetTests.swift in Sources */,
				F0CI000004000000000001 /* CropImageProcessorTests.swift in Sources */,
				F0EH000004000000000001 /* CropEditHistoryTests.swift in Sources */,
				F0JP000004000000000001 /* JSONPersistenceTests.swift in Sources */,
				F0GM000002000000000001 /* WindowStateGhostModeTests.swift in Sources */,
				F0WH000002000000000001 /* WindowStateHiddenTests.swift in Sources */,
				F0TH000002000000000001 /* AppThemeTests.swift in Sources */,
				A1B2C3D40100001F /* MinimapLayoutTests.swift in Sources */,
				A1B2C3D401000021 /* CroppedImageHelperTests.swift in Sources */,
				A1B2C3D401000031 /* KeyCodeMapperTests.swift in Sources */,
				A1B2C3D401000033 /* HotkeySettingsTests.swift in Sources */,
			);
			runOnlyForDeploymentPostprocessing = 0;
		};
/* End PBXSourcesBuildPhase section */

/* Begin PBXTargetDependency section */
		BB000007 /* PBXTargetDependency */ = {
			isa = PBXTargetDependency;
			target = AA000030 /* Sobani */;
			targetProxy = BB000006 /* PBXContainerItemProxy */;
		};
/* End PBXTargetDependency section */

/* Begin PBXVariantGroup section */
		JJ000004 /* InfoPlist.strings */ = {
			isa = PBXVariantGroup;
			children = (
				JJ000002 /* en */,
				JJ000003 /* ja */,
			);
			name = InfoPlist.strings;
			sourceTree = "<group>";
		};
/* End PBXVariantGroup section */

/* Begin XCBuildConfiguration section */
		AA000060 /* Debug */ = {
			isa = XCBuildConfiguration;
			buildSettings = {
				ALWAYS_SEARCH_USER_PATHS = NO;
				ASSETCATALOG_COMPILER_GENERATE_SWIFT_ASSET_SYMBOL_EXTENSIONS = YES;
				CLANG_ANALYZER_NONNULL = YES;
				CLANG_CXX_LANGUAGE_STANDARD = "gnu++20";
				CLANG_ENABLE_MODULES = YES;
				CLANG_ENABLE_OBJC_ARC = YES;
				COPY_PHASE_STRIP = NO;
				DEBUG_INFORMATION_FORMAT = dwarf;
				ENABLE_STRICT_OBJC_MSGSEND = YES;
				ENABLE_TESTABILITY = YES;
				GCC_DYNAMIC_NO_PIC = NO;
				GCC_OPTIMIZATION_LEVEL = 0;
				GCC_PREPROCESSOR_DEFINITIONS = (
					"DEBUG=1",
					"$(inherited)",
				);
				GCC_WARN_ABOUT_RETURN_TYPE = YES_ERROR;
				GCC_WARN_UNINITIALIZED_AUTOS = YES_AGGRESSIVE;
				MACOSX_DEPLOYMENT_TARGET = 14.0;
				MTL_ENABLE_DEBUG_INFO = INCLUDE_SOURCE;
				ONLY_ACTIVE_ARCH = YES;
				SDKROOT = macosx;
				SWIFT_ACTIVE_COMPILATION_CONDITIONS = "DEBUG $(inherited)";
				SWIFT_OPTIMIZATION_LEVEL = "-Onone";
			};
			name = Debug;
		};
		AA000061 /* Release */ = {
			isa = XCBuildConfiguration;
			buildSettings = {
				ALWAYS_SEARCH_USER_PATHS = NO;
				ASSETCATALOG_COMPILER_GENERATE_SWIFT_ASSET_SYMBOL_EXTENSIONS = YES;
				CLANG_ANALYZER_NONNULL = YES;
				CLANG_CXX_LANGUAGE_STANDARD = "gnu++20";
				CLANG_ENABLE_MODULES = YES;
				CLANG_ENABLE_OBJC_ARC = YES;
				COPY_PHASE_STRIP = NO;
				DEBUG_INFORMATION_FORMAT = "dwarf-with-dsym";
				ENABLE_NS_ASSERTIONS = NO;
				ENABLE_STRICT_OBJC_MSGSEND = YES;
				GCC_WARN_ABOUT_RETURN_TYPE = YES_ERROR;
				GCC_WARN_UNINITIALIZED_AUTOS = YES_AGGRESSIVE;
				MACOSX_DEPLOYMENT_TARGET = 14.0;
				MTL_ENABLE_DEBUG_INFO = NO;
				SDKROOT = macosx;
				SWIFT_COMPILATION_MODE = wholemodule;
			};
			name = Release;
		};
		AA000062 /* Debug */ = {
			isa = XCBuildConfiguration;
			buildSettings = {
				ASSETCATALOG_COMPILER_APPICON_NAME = AppIcon;
				CODE_SIGN_ENTITLEMENTS = Sobani/Sobani.entitlements;
				"CODE_SIGN_IDENTITY[sdk=macosx*]" = "Developer ID Application";
				CODE_SIGN_STYLE = Automatic;
				COMBINE_HIDPI_IMAGES = YES;
				CURRENT_PROJECT_VERSION = 202603.28;
				DEVELOPMENT_TEAM = U4Y9MKZ4GZ;
				GENERATE_INFOPLIST_FILE = NO;
				INFOPLIST_FILE = Sobani/Info.plist;
				LD_RUNPATH_SEARCH_PATHS = (
					"$(inherited)",
					"@executable_path/../Frameworks",
				);
				MARKETING_VERSION = 202603.28;
				PRODUCT_BUNDLE_IDENTIFIER = com.shiroemons.Sobani;
				PRODUCT_NAME = "$(TARGET_NAME)";
				SWIFT_EMIT_LOC_STRINGS = YES;
				SWIFT_VERSION = 6;
			};
			name = Debug;
		};
		AA000063 /* Release */ = {
			isa = XCBuildConfiguration;
			buildSettings = {
				ASSETCATALOG_COMPILER_APPICON_NAME = AppIcon;
				CODE_SIGN_ENTITLEMENTS = Sobani/Sobani.entitlements;
				"CODE_SIGN_IDENTITY[sdk=macosx*]" = "Developer ID Application";
				CODE_SIGN_STYLE = Automatic;
				COMBINE_HIDPI_IMAGES = YES;
				CURRENT_PROJECT_VERSION = 202603.28;
				DEVELOPMENT_TEAM = U4Y9MKZ4GZ;
				GENERATE_INFOPLIST_FILE = NO;
				INFOPLIST_FILE = Sobani/Info.plist;
				LD_RUNPATH_SEARCH_PATHS = (
					"$(inherited)",
					"@executable_path/../Frameworks",
				);
				MARKETING_VERSION = 202603.28;
				PRODUCT_BUNDLE_IDENTIFIER = com.shiroemons.Sobani;
				PRODUCT_NAME = "$(TARGET_NAME)";
				SWIFT_EMIT_LOC_STRINGS = YES;
				SWIFT_VERSION = 6;
			};
			name = Release;
		};
		BB000010 /* Debug */ = {
			isa = XCBuildConfiguration;
			buildSettings = {
				BUNDLE_LOADER = "$(TEST_HOST)";
				"CODE_SIGN_IDENTITY[sdk=macosx*]" = "-";
				CODE_SIGN_STYLE = Automatic;
				CURRENT_PROJECT_VERSION = 202603.28;
				GENERATE_INFOPLIST_FILE = YES;
				MARKETING_VERSION = 202603.28;
				PRODUCT_BUNDLE_IDENTIFIER = com.shiroemons.SobaniTests;
				PRODUCT_NAME = "$(TARGET_NAME)";
				SWIFT_EMIT_LOC_STRINGS = NO;
				SWIFT_VERSION = 6;
				TEST_HOST = "$(BUILT_PRODUCTS_DIR)/Sobani.app/Contents/MacOS/Sobani";
			};
			name = Debug;
		};
		BB000011 /* Release */ = {
			isa = XCBuildConfiguration;
			buildSettings = {
				BUNDLE_LOADER = "$(TEST_HOST)";
				"CODE_SIGN_IDENTITY[sdk=macosx*]" = "-";
				CODE_SIGN_STYLE = Automatic;
				CURRENT_PROJECT_VERSION = 202603.28;
				GENERATE_INFOPLIST_FILE = YES;
				MARKETING_VERSION = 202603.28;
				PRODUCT_BUNDLE_IDENTIFIER = com.shiroemons.SobaniTests;
				PRODUCT_NAME = "$(TARGET_NAME)";
				SWIFT_EMIT_LOC_STRINGS = NO;
				SWIFT_VERSION = 6;
				TEST_HOST = "$(BUILT_PRODUCTS_DIR)/Sobani.app/Contents/MacOS/Sobani";
			};
			name = Release;
		};
/* End XCBuildConfiguration section */

/* Begin XCConfigurationList section */
		AA000040 /* Build configuration list for PBXNativeTarget "Sobani" */ = {
			isa = XCConfigurationList;
			buildConfigurations = (
				AA000062 /* Debug */,
				AA000063 /* Release */,
			);
			defaultConfigurationIsVisible = 0;
			defaultConfigurationName = Release;
		};
		AA000051 /* Build configuration list for PBXProject "Sobani" */ = {
			isa = XCConfigurationList;
			buildConfigurations = (
				AA000060 /* Debug */,
				AA000061 /* Release */,
			);
			defaultConfigurationIsVisible = 0;
			defaultConfigurationName = Release;
		};
		BB000012 /* Build configuration list for PBXNativeTarget "SobaniTests" */ = {
			isa = XCConfigurationList;
			buildConfigurations = (
				BB000010 /* Debug */,
				BB000011 /* Release */,
			);
			defaultConfigurationIsVisible = 0;
			defaultConfigurationName = Release;
		};
/* End XCConfigurationList section */

/* Begin XCRemoteSwiftPackageReference section */
		8E8DFC882F6955120039794F /* XCRemoteSwiftPackageReference "Sparkle" */ = {
			isa = XCRemoteSwiftPackageReference;
			repositoryURL = "https://github.com/sparkle-project/Sparkle";
			requirement = {
				kind = upToNextMajorVersion;
				minimumVersion = 2.9.0;
			};
		};
/* End XCRemoteSwiftPackageReference section */

/* Begin XCSwiftPackageProductDependency section */
		8E8DFC892F6955120039794F /* Sparkle */ = {
			isa = XCSwiftPackageProductDependency;
			package = 8E8DFC882F6955120039794F /* XCRemoteSwiftPackageReference "Sparkle" */;
			productName = Sparkle;
		};
/* End XCSwiftPackageProductDependency section */
	};
	rootObject = AA000050 /* Project object */;
}
